
Microsoft Visual Studio Solution File, Format Version 12.00
# Visual Studio Version 16
VisualStudioVersion = 16.0.31205.134
MinimumVisualStudioVersion = 10.0.40219.1
Project("{9A19103F-16F7-4668-BE54-9A1E7A4F7556}") = "While_Structure_Exercise_1", "Projects_CSharp\While_Structure_Exercise_1.csproj", "{AA4EEF1E-6EEF-4416-96A7-AFDC7C23D349}"
EndProject
Project("{9A19103F-16F7-4668-BE54-9A1E7A4F7556}") = "While_Structure_Exercise_2", "While_Structure_Exercise_2\While_Structure_Exercise_2.csproj", "{895F3045-3335-4473-B9C6-11C5C71FCFB6}"
EndProject
Project("{9A19103F-16F7-4668-BE54-9A1E7A4F7556}") = "For_Structure_Exercise_1", "For_Structure_Exercise_1\For_Structure_Exercise_1.csproj", "{99439106-0F90-4C0D-A767-2F4274BAE927}"
EndProject
Project("{9A19103F-16F7-4668-BE54-9A1E7A4F7556}") = "For_Structure_Exercise_2", "For_Structure_Exercise_2\For_Structure_Exercise_2.csproj", "{32522667-6A3D-495F-A348-892417ED725E}"
EndProject
Project("{9A19103F-16F7-4668-BE54-9A1E7A4F7556}") = "For_Structure_Exercise_3", "For_Structure_Exercise_3\For_Structure_Exercise_3.csproj", "{FE9045E8-E920-4883-ADD3-95369C7CECA2}"
EndProject
Project("{9A19103F-16F7-4668-BE54-9A1E7A4F7556}") = "Problem_With_OOP", "Problem_Without_OOP\Problem_With_OOP.csproj", "{703BB315-8C65-4C79-B18F-5781733975A5}"
EndProject
Project("{9A19103F-16F7-4668-BE54-9A1E7A4F7556}") = "Problem_With_OOP_2", "Problem_With_OOP_2\Problem_With_OOP_2.csproj", "{77063066-A44B-4C49-9F56-214075EED2DD}"
EndProject
Project("{9A19103F-16F7-4668-BE54-9A1E7A4F7556}") = "Problem_With_OOP_3", "Problem_With_OOP_3\Problem_With_OOP_3.csproj", "{63D7EF6C-4169-4C25-A16E-C47245D1C296}"
EndProject
Project("{9A19103F-16F7-4668-BE54-9A1E7A4F7556}") = "Problem_With_OOP_4", "Problem_With_OOP_4\Problem_With_OOP_4.csproj", "{38E054C6-6B37-475C-AC68-1CA02ED8398F}"
EndProject
Project("{FAE04EC0-301F-11D3-BF4B-00C04F79EFBC}") = "Problem_With_OOP_5", "Problem_Resolved_With_OOP_5\Problem_With_OOP_5.csproj", "{736673ED-E4C6-4560-840A-BFC511DAE863}"
EndProject
Project("{FAE04EC0-301F-11D3-BF4B-00C04F79EFBC}") = "Static_Members", "Static_Members\Static_Members.csproj", "{5E8ABAC8-4AD5-4875-BC66-5E3C9EF9DDAB}"
EndProject
Global
	GlobalSection(SolutionConfigurationPlatforms) = preSolution
		Debug|Any CPU = Debug|Any CPU
		Release|Any CPU = Release|Any CPU
	EndGlobalSection
	GlobalSection(ProjectConfigurationPlatforms) = postSolution
		{AA4EEF1E-6EEF-4416-96A7-AFDC7C23D349}.Debug|Any CPU.ActiveCfg = Debug|Any CPU
		{AA4EEF1E-6EEF-4416-96A7-AFDC7C23D349}.Debug|Any CPU.Build.0 = Debug|Any CPU
		{AA4EEF1E-6EEF-4416-96A7-AFDC7C23D349}.Release|Any CPU.ActiveCfg = Release|Any CPU
		{AA4EEF1E-6EEF-4416-96A7-AFDC7C23D349}.Release|Any CPU.Build.0 = Release|Any CPU
		{895F3045-3335-4473-B9C6-11C5C71FCFB6}.Debug|Any CPU.ActiveCfg = Debug|Any CPU
		{895F3045-3335-4473-B9C6-11C5C71FCFB6}.Debug|Any CPU.Build.0 = Debug|Any CPU
		{895F3045-3335-4473-B9C6-11C5C71FCFB6}.Release|Any CPU.ActiveCfg = Release|Any CPU
		{895F3045-3335-4473-B9C6-11C5C71FCFB6}.Release|Any CPU.Build.0 = Release|Any CPU
		{99439106-0F90-4C0D-A767-2F4274BAE927}.Debug|Any CPU.ActiveCfg = Debug|Any CPU
		{99439106-0F90-4C0D-A767-2F4274BAE927}.Debug|Any CPU.Build.0 = Debug|Any CPU
		{99439106-0F90-4C0D-A767-2F4274BAE927}.Release|Any CPU.ActiveCfg = Release|Any CPU
		{99439106-0F90-4C0D-A767-2F4274BAE927}.Release|Any CPU.Build.0 = Release|Any CPU
		{32522667-6A3D-495F-A348-892417ED725E}.Debug|Any CPU.ActiveCfg = Debug|Any CPU
		{32522667-6A3D-495F-A348-892417ED725E}.Debug|Any CPU.Build.0 = Debug|Any CPU
		{32522667-6A3D-495F-A348-892417ED725E}.Release|Any CPU.ActiveCfg = Release|Any CPU
		{32522667-6A3D-495F-A348-892417ED725E}.Release|Any CPU.Build.0 = Release|Any CPU
		{FE9045E8-E920-4883-ADD3-95369C7CECA2}.Debug|Any CPU.ActiveCfg = Debug|Any CPU
		{FE9045E8-E920-4883-ADD3-95369C7CECA2}.Debug|Any CPU.Build.0 = Debug|Any CPU
		{FE9045E8-E920-4883-ADD3-95369C7CECA2}.Release|Any CPU.ActiveCfg = Release|Any CPU
		{FE9045E8-E920-4883-ADD3-95369C7CECA2}.Release|Any CPU.Build.0 = Release|Any CPU
		{703BB315-8C65-4C79-B18F-5781733975A5}.Debug|Any CPU.ActiveCfg = Debug|Any CPU
		{703BB315-8C65-4C79-B18F-5781733975A5}.Debug|Any CPU.Build.0 = Debug|Any CPU
		{703BB315-8C65-4C79-B18F-5781733975A5}.Release|Any CPU.ActiveCfg = Release|Any CPU
		{703BB315-8C65-4C79-B18F-5781733975A5}.Release|Any CPU.Build.0 = Release|Any CPU
		{77063066-A44B-4C49-9F56-214075EED2DD}.Debug|Any CPU.ActiveCfg = Debug|Any CPU
		{77063066-A44B-4C49-9F56-214075EED2DD}.Debug|Any CPU.Build.0 = Debug|Any CPU
		{77063066-A44B-4C49-9F56-214075EED2DD}.Release|Any CPU.ActiveCfg = Release|Any CPU
		{77063066-A44B-4C49-9F56-214075EED2DD}.Release|Any CPU.Build.0 = Release|Any CPU
		{63D7EF6C-4169-4C25-A16E-C47245D1C296}.Debug|Any CPU.ActiveCfg = Debug|Any CPU
		{63D7EF6C-4169-4C25-A16E-C47245D1C296}.Debug|Any CPU.Build.0 = Debug|Any CPU
		{63D7EF6C-4169-4C25-A16E-C47245D1C296}.Release|Any CPU.ActiveCfg = Release|Any CPU
		{63D7EF6C-4169-4C25-A16E-C47245D1C296}.Release|Any CPU.Build.0 = Release|Any CPU
		{38E054C6-6B37-475C-AC68-1CA02ED8398F}.Debug|Any CPU.ActiveCfg = Debug|Any CPU
		{38E054C6-6B37-475C-AC68-1CA02ED8398F}.Debug|Any CPU.Build.0 = Debug|Any CPU
		{38E054C6-6B37-475C-AC68-1CA02ED8398F}.Release|Any CPU.ActiveCfg = Release|Any CPU
		{38E054C6-6B37-475C-AC68-1CA02ED8398F}.Release|Any CPU.Build.0 = Release|Any CPU
		{736673ED-E4C6-4560-840A-BFC511DAE863}.Debug|Any CPU.ActiveCfg = Debug|Any CPU
		{736673ED-E4C6-4560-840A-BFC511DAE863}.Debug|Any CPU.Build.0 = Debug|Any CPU
		{736673ED-E4C6-4560-840A-BFC511DAE863}.Release|Any CPU.ActiveCfg = Release|Any CPU
		{736673ED-E4C6-4560-840A-BFC511DAE863}.Release|Any CPU.Build.0 = Release|Any CPU
		{5E8ABAC8-4AD5-4875-BC66-5E3C9EF9DDAB}.Debug|Any CPU.ActiveCfg = Debug|Any CPU
		{5E8ABAC8-4AD5-4875-BC66-5E3C9EF9DDAB}.Debug|Any CPU.Build.0 = Debug|Any CPU
		{5E8ABAC8-4AD5-4875-BC66-5E3C9EF9DDAB}.Release|Any CPU.ActiveCfg = Release|Any CPU
		{5E8ABAC8-4AD5-4875-BC66-5E3C9EF9DDAB}.Release|Any CPU.Build.0 = Release|Any CPU
	EndGlobalSection
	GlobalSection(SolutionProperties) = preSolution
		HideSolutionNode = FALSE
	EndGlobalSection
	GlobalSection(ExtensibilityGlobals) = postSolution
		SolutionGuid = {B2046CB1-BAE8-418A-9FC0-1DD6ADF0E2EA}
	EndGlobalSection
EndGlobal
