
Microsoft Visual Studio Solution File, Format Version 12.00
# Visual Studio Version 16
VisualStudioVersion = 16.0.31205.134
MinimumVisualStudioVersion = 10.0.40219.1
Project("{9A19103F-16F7-4668-BE54-9A1E7A4F7556}") = "While_Structure_Exercise_1", "Projects_CSharp\While_Structure_Exercise_1.csproj", "{AA4EEF1E-6EEF-4416-96A7-AFDC7C23D349}"
EndProject
Project("{9A19103F-16F7-4668-BE54-9A1E7A4F7556}") = "While_Structure_Exercise_2", "While_Structure_Exercise_2\While_Structure_Exercise_2.csproj", "{895F3045-3335-4473-B9C6-11C5C71FCFB6}"
EndProject
Project("{9A19103F-16F7-4668-BE54-9A1E7A4F7556}") = "For_Structure_Exercise_1", "For_Structure_Exercise_1\For_Structure_Exercise_1.csproj", "{99439106-0F90-4C0D-A767-2F4274BAE927}"
EndProject
Project("{9A19103F-16F7-4668-BE54-9A1E7A4F7556}") = "For_Structure_Exercise_2", "For_Structure_Exercise_2\For_Structure_Exercise_2.csproj", "{32522667-6A3D-495F-A348-892417ED725E}"
EndProject
Project("{9A19103F-16F7-4668-BE54-9A1E7A4F7556}") = "For_Structure_Exercise_3", "For_Structure_Exercise_3\For_Structure_Exercise_3.csproj", "{FE9045E8-E920-4883-ADD3-95369C7CECA2}"
EndProject
Project("{9A19103F-16F7-4668-BE54-9A1E7A4F7556}") = "Problem_With_OOP", "Problem_Without_OOP\Problem_With_OOP.csproj", "{703BB315-8C65-4C79-B18F-5781733975A5}"
EndProject
Project("{9A19103F-16F7-4668-BE54-9A1E7A4F7556}") = "Problem_With_OOP_2", "Problem_With_OOP_2\Problem_With_OOP_2.csproj", "{77063066-A44B-4C49-9F56-214075EED2DD}"
EndProject
Project("{9A19103F-16F7-4668-BE54-9A1E7A4F7556}") = "Problem_With_OOP_3", "Problem_With_OOP_3\Problem_With_OOP_3.csproj", "{63D7EF6C-4169-4C25-A16E-C47245D1C296}"
EndProject
Project("{9A19103F-16F7-4668-BE54-9A1E7A4F7556}") = "Problem_With_OOP_4", "Problem_With_OOP_4\Problem_With_OOP_4.csproj", "{38E054C6-6B37-475C-AC68-1CA02ED8398F}"
EndProject
Project("{9A19103F-16F7-4668-BE54-9A1E7A4F7556}") = "Problem_With_OOP_5", "Problem_Resolved_With_OOP_5\Problem_With_OOP_5.csproj", "{736673ED-E4C6-4560-840A-BFC511DAE863}"
EndProject
Project("{9A19103F-16F7-4668-BE54-9A1E7A4F7556}") = "Static_Members", "Static_Members\Static_Members.csproj", "{5E8ABAC8-4AD5-4875-BC66-5E3C9EF9DDAB}"
EndProject
Project("{9A19103F-16F7-4668-BE54-9A1E7A4F7556}") = "Bank_Account", "Bank_Account\Bank_Account.csproj", "{F5047636-15D9-437C-AF1D-E82BF8CC5453}"
EndProject
Project("{9A19103F-16F7-4668-BE54-9A1E7A4F7556}") = "Struct_Types", "Struct_Types\Struct_Types.csproj", "{CCD191BE-77E5-4AD1-8FC4-6EA5587EDE5F}"
EndProject
Project("{9A19103F-16F7-4668-BE54-9A1E7A4F7556}") = "Nullable_Types_01", "Nullable_Types\Nullable_Types_01.csproj", "{7DAF4031-3310-47A9-AE6A-59534CB3F15A}"
EndProject
Project("{9A19103F-16F7-4668-BE54-9A1E7A4F7556}") = "Nullable_Types_02", "Nullable_Types_02\Nullable_Types_02.csproj", "{CB76E9D6-CB3E-43E4-811C-E6041B0F6BCE}"
EndProject
Project("{9A19103F-16F7-4668-BE54-9A1E7A4F7556}") = "Vect_Exercise_1", "Vect_Exercise_1\Vect_Exercise_1.csproj", "{6B1F3A25-9DD8-4C07-A490-18577F83FA35}"
EndProject
Project("{9A19103F-16F7-4668-BE54-9A1E7A4F7556}") = "Vect_Exercise_2", "Vect_Exercise_2\Vect_Exercise_2.csproj", "{BA85C3B2-FCF0-448C-804E-8944585C9C74}"
EndProject
Project("{9A19103F-16F7-4668-BE54-9A1E7A4F7556}") = "Vect_Exercise_3", "Vect_Exercise_3\Vect_Exercise_3.csproj", "{32FC8565-E208-4702-A175-0AB711EFB474}"
EndProject
Project("{9A19103F-16F7-4668-BE54-9A1E7A4F7556}") = "Vect_Exercise_3.1", "Vect_Exercise_3.1\Vect_Exercise_3.1.csproj", "{134D64B1-1F04-47FB-A314-E16A66A89D08}"
EndProject
Project("{9A19103F-16F7-4668-BE54-9A1E7A4F7556}") = "Calculator", "Calculator\Calculator.csproj", "{73298985-A51F-4743-9158-C9D1991B49D5}"
EndProject
Project("{9A19103F-16F7-4668-BE54-9A1E7A4F7556}") = "Calculator_2", "Calculator_2\Calculator_2.csproj", "{F4AADC1A-C749-4D51-B101-B76087099DF0}"
EndProject
Project("{9A19103F-16F7-4668-BE54-9A1E7A4F7556}") = "Calculator_3", "Calculator_3\Calculator_3.csproj", "{73FF82AA-81BC-46C3-9C37-9B1415ECDD78}"
EndProject
Project("{9A19103F-16F7-4668-BE54-9A1E7A4F7556}") = "Boxing_Unboxing", "Boxing_Unboxing\Boxing_Unboxing.csproj", "{AE59A6C7-3EF3-49B7-A0DC-F0F6995B5077}"
EndProject
Project("{9A19103F-16F7-4668-BE54-9A1E7A4F7556}") = "List_Type", "List_Type\List_Type.csproj", "{D83FBA65-EB21-42F6-84A3-B3F46DD2C0B1}"
EndProject
Project("{9A19103F-16F7-4668-BE54-9A1E7A4F7556}") = "List_Exercise", "List_Exercise\List_Exercise.csproj", "{4AF15505-F474-4D9A-8C26-DA1098142A6F}"
EndProject
Project("{9A19103F-16F7-4668-BE54-9A1E7A4F7556}") = "List_Exercise_2", "List_Exercise_2\List_Exercise_2.csproj", "{689C916C-6802-46B3-8A83-5D1145731398}"
EndProject
Project("{9A19103F-16F7-4668-BE54-9A1E7A4F7556}") = "Loop_Benchmark", "Loop_Benchmark\Loop_Benchmark.csproj", "{61602150-4DAF-4831-84E0-D0A235EACAA7}"
EndProject
Project("{9A19103F-16F7-4668-BE54-9A1E7A4F7556}") = "Matrix_Structure", "Matrix_Structure\Matrix_Structure.csproj", "{738FF01B-25FA-4DD2-B3EA-2BF54CD15032}"
EndProject
Project("{9A19103F-16F7-4668-BE54-9A1E7A4F7556}") = "Matrix_Structure_2", "Matrix_Structure_2\Matrix_Structure_2.csproj", "{18DF23E7-CBEA-4D65-A006-57320F6AE571}"
EndProject
Project("{9A19103F-16F7-4668-BE54-9A1E7A4F7556}") = "Matrix_Exercise", "Matrix_Exercise\Matrix_Exercise.csproj", "{8642B870-475B-475E-A252-3A829A509023}"
EndProject
Project("{9A19103F-16F7-4668-BE54-9A1E7A4F7556}") = "Matrix_Exercise_V2", "Matrix_Exercise_V2\Matrix_Exercise_V2.csproj", "{6CB339E8-E776-4D22-A2A5-8FEECF1E6F51}"
EndProject
Project("{9A19103F-16F7-4668-BE54-9A1E7A4F7556}") = "Var_Type", "Var_Type\Var_Type.csproj", "{48F9F3AB-85B1-462F-AAED-E6B712A1BEFE}"
EndProject
Project("{9A19103F-16F7-4668-BE54-9A1E7A4F7556}") = "SwitchCase_Type", "SwitchCase_Type\SwitchCase_Type.csproj", "{7D93D038-6B31-4C45-A530-8B27F3F8C6BA}"
EndProject
Project("{9A19103F-16F7-4668-BE54-9A1E7A4F7556}") = "Vect_Exercises", "Vect_Exercises\Vect_Exercises.csproj", "{6C37084C-FAE6-4C2C-B420-6D09D21DBF11}"
EndProject
Project("{9A19103F-16F7-4668-BE54-9A1E7A4F7556}") = "Ternary_Operator", "Ternary_Operator\Ternary_Operator.csproj", "{D511EDCF-687A-4611-801F-36D8BFC91353}"
EndProject
Project("{FAE04EC0-301F-11D3-BF4B-00C04F79EFBC}") = "String_Functions", "String_Functions\String_Functions.csproj", "{419CF997-DFA5-4A90-AE51-4A7395362994}"
EndProject
Global
	GlobalSection(SolutionConfigurationPlatforms) = preSolution
		Debug|Any CPU = Debug|Any CPU
		Release|Any CPU = Release|Any CPU
	EndGlobalSection
	GlobalSection(ProjectConfigurationPlatforms) = postSolution
		{AA4EEF1E-6EEF-4416-96A7-AFDC7C23D349}.Debug|Any CPU.ActiveCfg = Debug|Any CPU
		{AA4EEF1E-6EEF-4416-96A7-AFDC7C23D349}.Debug|Any CPU.Build.0 = Debug|Any CPU
		{AA4EEF1E-6EEF-4416-96A7-AFDC7C23D349}.Release|Any CPU.ActiveCfg = Release|Any CPU
		{AA4EEF1E-6EEF-4416-96A7-AFDC7C23D349}.Release|Any CPU.Build.0 = Release|Any CPU
		{895F3045-3335-4473-B9C6-11C5C71FCFB6}.Debug|Any CPU.ActiveCfg = Debug|Any CPU
		{895F3045-3335-4473-B9C6-11C5C71FCFB6}.Debug|Any CPU.Build.0 = Debug|Any CPU
		{895F3045-3335-4473-B9C6-11C5C71FCFB6}.Release|Any CPU.ActiveCfg = Release|Any CPU
		{895F3045-3335-4473-B9C6-11C5C71FCFB6}.Release|Any CPU.Build.0 = Release|Any CPU
		{99439106-0F90-4C0D-A767-2F4274BAE927}.Debug|Any CPU.ActiveCfg = Debug|Any CPU
		{99439106-0F90-4C0D-A767-2F4274BAE927}.Debug|Any CPU.Build.0 = Debug|Any CPU
		{99439106-0F90-4C0D-A767-2F4274BAE927}.Release|Any CPU.ActiveCfg = Release|Any CPU
		{99439106-0F90-4C0D-A767-2F4274BAE927}.Release|Any CPU.Build.0 = Release|Any CPU
		{32522667-6A3D-495F-A348-892417ED725E}.Debug|Any CPU.ActiveCfg = Debug|Any CPU
		{32522667-6A3D-495F-A348-892417ED725E}.Debug|Any CPU.Build.0 = Debug|Any CPU
		{32522667-6A3D-495F-A348-892417ED725E}.Release|Any CPU.ActiveCfg = Release|Any CPU
		{32522667-6A3D-495F-A348-892417ED725E}.Release|Any CPU.Build.0 = Release|Any CPU
		{FE9045E8-E920-4883-ADD3-95369C7CECA2}.Debug|Any CPU.ActiveCfg = Debug|Any CPU
		{FE9045E8-E920-4883-ADD3-95369C7CECA2}.Debug|Any CPU.Build.0 = Debug|Any CPU
		{FE9045E8-E920-4883-ADD3-95369C7CECA2}.Release|Any CPU.ActiveCfg = Release|Any CPU
		{FE9045E8-E920-4883-ADD3-95369C7CECA2}.Release|Any CPU.Build.0 = Release|Any CPU
		{703BB315-8C65-4C79-B18F-5781733975A5}.Debug|Any CPU.ActiveCfg = Debug|Any CPU
		{703BB315-8C65-4C79-B18F-5781733975A5}.Debug|Any CPU.Build.0 = Debug|Any CPU
		{703BB315-8C65-4C79-B18F-5781733975A5}.Release|Any CPU.ActiveCfg = Release|Any CPU
		{703BB315-8C65-4C79-B18F-5781733975A5}.Release|Any CPU.Build.0 = Release|Any CPU
		{77063066-A44B-4C49-9F56-214075EED2DD}.Debug|Any CPU.ActiveCfg = Debug|Any CPU
		{77063066-A44B-4C49-9F56-214075EED2DD}.Debug|Any CPU.Build.0 = Debug|Any CPU
		{77063066-A44B-4C49-9F56-214075EED2DD}.Release|Any CPU.ActiveCfg = Release|Any CPU
		{77063066-A44B-4C49-9F56-214075EED2DD}.Release|Any CPU.Build.0 = Release|Any CPU
		{63D7EF6C-4169-4C25-A16E-C47245D1C296}.Debug|Any CPU.ActiveCfg = Debug|Any CPU
		{63D7EF6C-4169-4C25-A16E-C47245D1C296}.Debug|Any CPU.Build.0 = Debug|Any CPU
		{63D7EF6C-4169-4C25-A16E-C47245D1C296}.Release|Any CPU.ActiveCfg = Release|Any CPU
		{63D7EF6C-4169-4C25-A16E-C47245D1C296}.Release|Any CPU.Build.0 = Release|Any CPU
		{38E054C6-6B37-475C-AC68-1CA02ED8398F}.Debug|Any CPU.ActiveCfg = Debug|Any CPU
		{38E054C6-6B37-475C-AC68-1CA02ED8398F}.Debug|Any CPU.Build.0 = Debug|Any CPU
		{38E054C6-6B37-475C-AC68-1CA02ED8398F}.Release|Any CPU.ActiveCfg = Release|Any CPU
		{38E054C6-6B37-475C-AC68-1CA02ED8398F}.Release|Any CPU.Build.0 = Release|Any CPU
		{736673ED-E4C6-4560-840A-BFC511DAE863}.Debug|Any CPU.ActiveCfg = Debug|Any CPU
		{736673ED-E4C6-4560-840A-BFC511DAE863}.Debug|Any CPU.Build.0 = Debug|Any CPU
		{736673ED-E4C6-4560-840A-BFC511DAE863}.Release|Any CPU.ActiveCfg = Release|Any CPU
		{736673ED-E4C6-4560-840A-BFC511DAE863}.Release|Any CPU.Build.0 = Release|Any CPU
		{5E8ABAC8-4AD5-4875-BC66-5E3C9EF9DDAB}.Debug|Any CPU.ActiveCfg = Debug|Any CPU
		{5E8ABAC8-4AD5-4875-BC66-5E3C9EF9DDAB}.Debug|Any CPU.Build.0 = Debug|Any CPU
		{5E8ABAC8-4AD5-4875-BC66-5E3C9EF9DDAB}.Release|Any CPU.ActiveCfg = Release|Any CPU
		{5E8ABAC8-4AD5-4875-BC66-5E3C9EF9DDAB}.Release|Any CPU.Build.0 = Release|Any CPU
		{F5047636-15D9-437C-AF1D-E82BF8CC5453}.Debug|Any CPU.ActiveCfg = Debug|Any CPU
		{F5047636-15D9-437C-AF1D-E82BF8CC5453}.Debug|Any CPU.Build.0 = Debug|Any CPU
		{F5047636-15D9-437C-AF1D-E82BF8CC5453}.Release|Any CPU.ActiveCfg = Release|Any CPU
		{F5047636-15D9-437C-AF1D-E82BF8CC5453}.Release|Any CPU.Build.0 = Release|Any CPU
		{CCD191BE-77E5-4AD1-8FC4-6EA5587EDE5F}.Debug|Any CPU.ActiveCfg = Debug|Any CPU
		{CCD191BE-77E5-4AD1-8FC4-6EA5587EDE5F}.Debug|Any CPU.Build.0 = Debug|Any CPU
		{CCD191BE-77E5-4AD1-8FC4-6EA5587EDE5F}.Release|Any CPU.ActiveCfg = Release|Any CPU
		{CCD191BE-77E5-4AD1-8FC4-6EA5587EDE5F}.Release|Any CPU.Build.0 = Release|Any CPU
		{7DAF4031-3310-47A9-AE6A-59534CB3F15A}.Debug|Any CPU.ActiveCfg = Debug|Any CPU
		{7DAF4031-3310-47A9-AE6A-59534CB3F15A}.Debug|Any CPU.Build.0 = Debug|Any CPU
		{7DAF4031-3310-47A9-AE6A-59534CB3F15A}.Release|Any CPU.ActiveCfg = Release|Any CPU
		{7DAF4031-3310-47A9-AE6A-59534CB3F15A}.Release|Any CPU.Build.0 = Release|Any CPU
		{CB76E9D6-CB3E-43E4-811C-E6041B0F6BCE}.Debug|Any CPU.ActiveCfg = Debug|Any CPU
		{CB76E9D6-CB3E-43E4-811C-E6041B0F6BCE}.Debug|Any CPU.Build.0 = Debug|Any CPU
		{CB76E9D6-CB3E-43E4-811C-E6041B0F6BCE}.Release|Any CPU.ActiveCfg = Release|Any CPU
		{CB76E9D6-CB3E-43E4-811C-E6041B0F6BCE}.Release|Any CPU.Build.0 = Release|Any CPU
		{6B1F3A25-9DD8-4C07-A490-18577F83FA35}.Debug|Any CPU.ActiveCfg = Debug|Any CPU
		{6B1F3A25-9DD8-4C07-A490-18577F83FA35}.Debug|Any CPU.Build.0 = Debug|Any CPU
		{6B1F3A25-9DD8-4C07-A490-18577F83FA35}.Release|Any CPU.ActiveCfg = Release|Any CPU
		{6B1F3A25-9DD8-4C07-A490-18577F83FA35}.Release|Any CPU.Build.0 = Release|Any CPU
		{BA85C3B2-FCF0-448C-804E-8944585C9C74}.Debug|Any CPU.ActiveCfg = Debug|Any CPU
		{BA85C3B2-FCF0-448C-804E-8944585C9C74}.Debug|Any CPU.Build.0 = Debug|Any CPU
		{BA85C3B2-FCF0-448C-804E-8944585C9C74}.Release|Any CPU.ActiveCfg = Release|Any CPU
		{BA85C3B2-FCF0-448C-804E-8944585C9C74}.Release|Any CPU.Build.0 = Release|Any CPU
		{32FC8565-E208-4702-A175-0AB711EFB474}.Debug|Any CPU.ActiveCfg = Debug|Any CPU
		{32FC8565-E208-4702-A175-0AB711EFB474}.Debug|Any CPU.Build.0 = Debug|Any CPU
		{32FC8565-E208-4702-A175-0AB711EFB474}.Release|Any CPU.ActiveCfg = Release|Any CPU
		{32FC8565-E208-4702-A175-0AB711EFB474}.Release|Any CPU.Build.0 = Release|Any CPU
		{134D64B1-1F04-47FB-A314-E16A66A89D08}.Debug|Any CPU.ActiveCfg = Debug|Any CPU
		{134D64B1-1F04-47FB-A314-E16A66A89D08}.Debug|Any CPU.Build.0 = Debug|Any CPU
		{134D64B1-1F04-47FB-A314-E16A66A89D08}.Release|Any CPU.ActiveCfg = Release|Any CPU
		{134D64B1-1F04-47FB-A314-E16A66A89D08}.Release|Any CPU.Build.0 = Release|Any CPU
		{73298985-A51F-4743-9158-C9D1991B49D5}.Debug|Any CPU.ActiveCfg = Debug|Any CPU
		{73298985-A51F-4743-9158-C9D1991B49D5}.Debug|Any CPU.Build.0 = Debug|Any CPU
		{73298985-A51F-4743-9158-C9D1991B49D5}.Release|Any CPU.ActiveCfg = Release|Any CPU
		{73298985-A51F-4743-9158-C9D1991B49D5}.Release|Any CPU.Build.0 = Release|Any CPU
		{F4AADC1A-C749-4D51-B101-B76087099DF0}.Debug|Any CPU.ActiveCfg = Debug|Any CPU
		{F4AADC1A-C749-4D51-B101-B76087099DF0}.Debug|Any CPU.Build.0 = Debug|Any CPU
		{F4AADC1A-C749-4D51-B101-B76087099DF0}.Release|Any CPU.ActiveCfg = Release|Any CPU
		{F4AADC1A-C749-4D51-B101-B76087099DF0}.Release|Any CPU.Build.0 = Release|Any CPU
		{73FF82AA-81BC-46C3-9C37-9B1415ECDD78}.Debug|Any CPU.ActiveCfg = Debug|Any CPU
		{73FF82AA-81BC-46C3-9C37-9B1415ECDD78}.Debug|Any CPU.Build.0 = Debug|Any CPU
		{73FF82AA-81BC-46C3-9C37-9B1415ECDD78}.Release|Any CPU.ActiveCfg = Release|Any CPU
		{73FF82AA-81BC-46C3-9C37-9B1415ECDD78}.Release|Any CPU.Build.0 = Release|Any CPU
		{AE59A6C7-3EF3-49B7-A0DC-F0F6995B5077}.Debug|Any CPU.ActiveCfg = Debug|Any CPU
		{AE59A6C7-3EF3-49B7-A0DC-F0F6995B5077}.Debug|Any CPU.Build.0 = Debug|Any CPU
		{AE59A6C7-3EF3-49B7-A0DC-F0F6995B5077}.Release|Any CPU.ActiveCfg = Release|Any CPU
		{AE59A6C7-3EF3-49B7-A0DC-F0F6995B5077}.Release|Any CPU.Build.0 = Release|Any CPU
		{D83FBA65-EB21-42F6-84A3-B3F46DD2C0B1}.Debug|Any CPU.ActiveCfg = Debug|Any CPU
		{D83FBA65-EB21-42F6-84A3-B3F46DD2C0B1}.Debug|Any CPU.Build.0 = Debug|Any CPU
		{D83FBA65-EB21-42F6-84A3-B3F46DD2C0B1}.Release|Any CPU.ActiveCfg = Release|Any CPU
		{D83FBA65-EB21-42F6-84A3-B3F46DD2C0B1}.Release|Any CPU.Build.0 = Release|Any CPU
		{4AF15505-F474-4D9A-8C26-DA1098142A6F}.Debug|Any CPU.ActiveCfg = Debug|Any CPU
		{4AF15505-F474-4D9A-8C26-DA1098142A6F}.Debug|Any CPU.Build.0 = Debug|Any CPU
		{4AF15505-F474-4D9A-8C26-DA1098142A6F}.Release|Any CPU.ActiveCfg = Release|Any CPU
		{4AF15505-F474-4D9A-8C26-DA1098142A6F}.Release|Any CPU.Build.0 = Release|Any CPU
		{689C916C-6802-46B3-8A83-5D1145731398}.Debug|Any CPU.ActiveCfg = Debug|Any CPU
		{689C916C-6802-46B3-8A83-5D1145731398}.Debug|Any CPU.Build.0 = Debug|Any CPU
		{689C916C-6802-46B3-8A83-5D1145731398}.Release|Any CPU.ActiveCfg = Release|Any CPU
		{689C916C-6802-46B3-8A83-5D1145731398}.Release|Any CPU.Build.0 = Release|Any CPU
		{61602150-4DAF-4831-84E0-D0A235EACAA7}.Debug|Any CPU.ActiveCfg = Debug|Any CPU
		{61602150-4DAF-4831-84E0-D0A235EACAA7}.Debug|Any CPU.Build.0 = Debug|Any CPU
		{61602150-4DAF-4831-84E0-D0A235EACAA7}.Release|Any CPU.ActiveCfg = Release|Any CPU
		{61602150-4DAF-4831-84E0-D0A235EACAA7}.Release|Any CPU.Build.0 = Release|Any CPU
		{738FF01B-25FA-4DD2-B3EA-2BF54CD15032}.Debug|Any CPU.ActiveCfg = Debug|Any CPU
		{738FF01B-25FA-4DD2-B3EA-2BF54CD15032}.Debug|Any CPU.Build.0 = Debug|Any CPU
		{738FF01B-25FA-4DD2-B3EA-2BF54CD15032}.Release|Any CPU.ActiveCfg = Release|Any CPU
		{738FF01B-25FA-4DD2-B3EA-2BF54CD15032}.Release|Any CPU.Build.0 = Release|Any CPU
		{18DF23E7-CBEA-4D65-A006-57320F6AE571}.Debug|Any CPU.ActiveCfg = Debug|Any CPU
		{18DF23E7-CBEA-4D65-A006-57320F6AE571}.Debug|Any CPU.Build.0 = Debug|Any CPU
		{18DF23E7-CBEA-4D65-A006-57320F6AE571}.Release|Any CPU.ActiveCfg = Release|Any CPU
		{18DF23E7-CBEA-4D65-A006-57320F6AE571}.Release|Any CPU.Build.0 = Release|Any CPU
		{8642B870-475B-475E-A252-3A829A509023}.Debug|Any CPU.ActiveCfg = Debug|Any CPU
		{8642B870-475B-475E-A252-3A829A509023}.Debug|Any CPU.Build.0 = Debug|Any CPU
		{8642B870-475B-475E-A252-3A829A509023}.Release|Any CPU.ActiveCfg = Release|Any CPU
		{8642B870-475B-475E-A252-3A829A509023}.Release|Any CPU.Build.0 = Release|Any CPU
		{6CB339E8-E776-4D22-A2A5-8FEECF1E6F51}.Debug|Any CPU.ActiveCfg = Debug|Any CPU
		{6CB339E8-E776-4D22-A2A5-8FEECF1E6F51}.Debug|Any CPU.Build.0 = Debug|Any CPU
		{6CB339E8-E776-4D22-A2A5-8FEECF1E6F51}.Release|Any CPU.ActiveCfg = Release|Any CPU
		{6CB339E8-E776-4D22-A2A5-8FEECF1E6F51}.Release|Any CPU.Build.0 = Release|Any CPU
		{48F9F3AB-85B1-462F-AAED-E6B712A1BEFE}.Debug|Any CPU.ActiveCfg = Debug|Any CPU
		{48F9F3AB-85B1-462F-AAED-E6B712A1BEFE}.Debug|Any CPU.Build.0 = Debug|Any CPU
		{48F9F3AB-85B1-462F-AAED-E6B712A1BEFE}.Release|Any CPU.ActiveCfg = Release|Any CPU
		{48F9F3AB-85B1-462F-AAED-E6B712A1BEFE}.Release|Any CPU.Build.0 = Release|Any CPU
		{7D93D038-6B31-4C45-A530-8B27F3F8C6BA}.Debug|Any CPU.ActiveCfg = Debug|Any CPU
		{7D93D038-6B31-4C45-A530-8B27F3F8C6BA}.Debug|Any CPU.Build.0 = Debug|Any CPU
		{7D93D038-6B31-4C45-A530-8B27F3F8C6BA}.Release|Any CPU.ActiveCfg = Release|Any CPU
		{7D93D038-6B31-4C45-A530-8B27F3F8C6BA}.Release|Any CPU.Build.0 = Release|Any CPU
		{6C37084C-FAE6-4C2C-B420-6D09D21DBF11}.Debug|Any CPU.ActiveCfg = Debug|Any CPU
		{6C37084C-FAE6-4C2C-B420-6D09D21DBF11}.Debug|Any CPU.Build.0 = Debug|Any CPU
		{6C37084C-FAE6-4C2C-B420-6D09D21DBF11}.Release|Any CPU.ActiveCfg = Release|Any CPU
		{6C37084C-FAE6-4C2C-B420-6D09D21DBF11}.Release|Any CPU.Build.0 = Release|Any CPU
		{D511EDCF-687A-4611-801F-36D8BFC91353}.Debug|Any CPU.ActiveCfg = Debug|Any CPU
		{D511EDCF-687A-4611-801F-36D8BFC91353}.Debug|Any CPU.Build.0 = Debug|Any CPU
		{D511EDCF-687A-4611-801F-36D8BFC91353}.Release|Any CPU.ActiveCfg = Release|Any CPU
		{D511EDCF-687A-4611-801F-36D8BFC91353}.Release|Any CPU.Build.0 = Release|Any CPU
		{419CF997-DFA5-4A90-AE51-4A7395362994}.Debug|Any CPU.ActiveCfg = Debug|Any CPU
		{419CF997-DFA5-4A90-AE51-4A7395362994}.Debug|Any CPU.Build.0 = Debug|Any CPU
		{419CF997-DFA5-4A90-AE51-4A7395362994}.Release|Any CPU.ActiveCfg = Release|Any CPU
		{419CF997-DFA5-4A90-AE51-4A7395362994}.Release|Any CPU.Build.0 = Release|Any CPU
	EndGlobalSection
	GlobalSection(SolutionProperties) = preSolution
		HideSolutionNode = FALSE
	EndGlobalSection
	GlobalSection(ExtensibilityGlobals) = postSolution
		SolutionGuid = {B2046CB1-BAE8-418A-9FC0-1DD6ADF0E2EA}
	EndGlobalSection
EndGlobal
