
Microsoft Visual Studio Solution File, Format Version 12.00
# Visual Studio Version 17
VisualStudioVersion = 17.0.31903.59
MinimumVisualStudioVersion = 10.0.40219.1
Project("{9A19103F-16F7-4668-BE54-9A1E7A4F7556}") = "While_Structure_Exercise_1", "Projects_CSharp\While_Structure_Exercise_1.csproj", "{AA4EEF1E-6EEF-4416-96A7-AFDC7C23D349}"
EndProject
Project("{9A19103F-16F7-4668-BE54-9A1E7A4F7556}") = "While_Structure_Exercise_2", "While_Structure_Exercise_2\While_Structure_Exercise_2.csproj", "{895F3045-3335-4473-B9C6-11C5C71FCFB6}"
EndProject
Project("{9A19103F-16F7-4668-BE54-9A1E7A4F7556}") = "For_Structure_Exercise_1", "For_Structure_Exercise_1\For_Structure_Exercise_1.csproj", "{99439106-0F90-4C0D-A767-2F4274BAE927}"
EndProject
Project("{9A19103F-16F7-4668-BE54-9A1E7A4F7556}") = "For_Structure_Exercise_2", "For_Structure_Exercise_2\For_Structure_Exercise_2.csproj", "{32522667-6A3D-495F-A348-892417ED725E}"
EndProject
Project("{9A19103F-16F7-4668-BE54-9A1E7A4F7556}") = "For_Structure_Exercise_3", "For_Structure_Exercise_3\For_Structure_Exercise_3.csproj", "{FE9045E8-E920-4883-ADD3-95369C7CECA2}"
EndProject
Project("{9A19103F-16F7-4668-BE54-9A1E7A4F7556}") = "Problem_With_OOP", "Problem_Without_OOP\Problem_With_OOP.csproj", "{703BB315-8C65-4C79-B18F-5781733975A5}"
EndProject
Project("{9A19103F-16F7-4668-BE54-9A1E7A4F7556}") = "Problem_With_OOP_2", "Problem_With_OOP_2\Problem_With_OOP_2.csproj", "{77063066-A44B-4C49-9F56-214075EED2DD}"
EndProject
Project("{9A19103F-16F7-4668-BE54-9A1E7A4F7556}") = "Problem_With_OOP_3", "Problem_With_OOP_3\Problem_With_OOP_3.csproj", "{63D7EF6C-4169-4C25-A16E-C47245D1C296}"
EndProject
Project("{9A19103F-16F7-4668-BE54-9A1E7A4F7556}") = "Problem_With_OOP_4", "Problem_With_OOP_4\Problem_With_OOP_4.csproj", "{38E054C6-6B37-475C-AC68-1CA02ED8398F}"
EndProject
Project("{9A19103F-16F7-4668-BE54-9A1E7A4F7556}") = "Problem_With_OOP_5", "Problem_Resolved_With_OOP_5\Problem_With_OOP_5.csproj", "{736673ED-E4C6-4560-840A-BFC511DAE863}"
EndProject
Project("{9A19103F-16F7-4668-BE54-9A1E7A4F7556}") = "Static_Members", "Static_Members\Static_Members.csproj", "{5E8ABAC8-4AD5-4875-BC66-5E3C9EF9DDAB}"
EndProject
Project("{9A19103F-16F7-4668-BE54-9A1E7A4F7556}") = "Bank_Account", "Bank_Account\Bank_Account.csproj", "{F5047636-15D9-437C-AF1D-E82BF8CC5453}"
EndProject
Project("{9A19103F-16F7-4668-BE54-9A1E7A4F7556}") = "Struct_Types", "Struct_Types\Struct_Types.csproj", "{CCD191BE-77E5-4AD1-8FC4-6EA5587EDE5F}"
EndProject
Project("{9A19103F-16F7-4668-BE54-9A1E7A4F7556}") = "Nullable_Types_01", "Nullable_Types\Nullable_Types_01.csproj", "{7DAF4031-3310-47A9-AE6A-59534CB3F15A}"
EndProject
Project("{9A19103F-16F7-4668-BE54-9A1E7A4F7556}") = "Nullable_Types_02", "Nullable_Types_02\Nullable_Types_02.csproj", "{CB76E9D6-CB3E-43E4-811C-E6041B0F6BCE}"
EndProject
Project("{9A19103F-16F7-4668-BE54-9A1E7A4F7556}") = "Vect_Exercise_1", "Vect_Exercise_1\Vect_Exercise_1.csproj", "{6B1F3A25-9DD8-4C07-A490-18577F83FA35}"
EndProject
Project("{9A19103F-16F7-4668-BE54-9A1E7A4F7556}") = "Vect_Exercise_2", "Vect_Exercise_2\Vect_Exercise_2.csproj", "{BA85C3B2-FCF0-448C-804E-8944585C9C74}"
EndProject
Project("{9A19103F-16F7-4668-BE54-9A1E7A4F7556}") = "Vect_Exercise_3", "Vect_Exercise_3\Vect_Exercise_3.csproj", "{32FC8565-E208-4702-A175-0AB711EFB474}"
EndProject
Project("{9A19103F-16F7-4668-BE54-9A1E7A4F7556}") = "Vect_Exercise_3.1", "Vect_Exercise_3.1\Vect_Exercise_3.1.csproj", "{134D64B1-1F04-47FB-A314-E16A66A89D08}"
EndProject
Project("{9A19103F-16F7-4668-BE54-9A1E7A4F7556}") = "Calculator", "Calculator\Calculator.csproj", "{73298985-A51F-4743-9158-C9D1991B49D5}"
EndProject
Project("{9A19103F-16F7-4668-BE54-9A1E7A4F7556}") = "Calculator_2", "Calculator_2\Calculator_2.csproj", "{F4AADC1A-C749-4D51-B101-B76087099DF0}"
EndProject
Project("{9A19103F-16F7-4668-BE54-9A1E7A4F7556}") = "Calculator_3", "Calculator_3\Calculator_3.csproj", "{73FF82AA-81BC-46C3-9C37-9B1415ECDD78}"
EndProject
Project("{9A19103F-16F7-4668-BE54-9A1E7A4F7556}") = "Boxing_Unboxing", "Boxing_Unboxing\Boxing_Unboxing.csproj", "{AE59A6C7-3EF3-49B7-A0DC-F0F6995B5077}"
EndProject
Project("{9A19103F-16F7-4668-BE54-9A1E7A4F7556}") = "List_Type", "List_Type\List_Type.csproj", "{D83FBA65-EB21-42F6-84A3-B3F46DD2C0B1}"
EndProject
Project("{9A19103F-16F7-4668-BE54-9A1E7A4F7556}") = "List_Exercise", "List_Exercise\List_Exercise.csproj", "{4AF15505-F474-4D9A-8C26-DA1098142A6F}"
EndProject
Project("{9A19103F-16F7-4668-BE54-9A1E7A4F7556}") = "List_Exercise_2", "List_Exercise_2\List_Exercise_2.csproj", "{689C916C-6802-46B3-8A83-5D1145731398}"
EndProject
Project("{9A19103F-16F7-4668-BE54-9A1E7A4F7556}") = "Loop_Benchmark", "Loop_Benchmark\Loop_Benchmark.csproj", "{61602150-4DAF-4831-84E0-D0A235EACAA7}"
EndProject
Project("{9A19103F-16F7-4668-BE54-9A1E7A4F7556}") = "Matrix_Structure", "Matrix_Structure\Matrix_Structure.csproj", "{738FF01B-25FA-4DD2-B3EA-2BF54CD15032}"
EndProject
Project("{9A19103F-16F7-4668-BE54-9A1E7A4F7556}") = "Matrix_Structure_2", "Matrix_Structure_2\Matrix_Structure_2.csproj", "{18DF23E7-CBEA-4D65-A006-57320F6AE571}"
EndProject
Project("{9A19103F-16F7-4668-BE54-9A1E7A4F7556}") = "Matrix_Exercise", "Matrix_Exercise\Matrix_Exercise.csproj", "{8642B870-475B-475E-A252-3A829A509023}"
EndProject
Project("{9A19103F-16F7-4668-BE54-9A1E7A4F7556}") = "Matrix_Exercise_V2", "Matrix_Exercise_V2\Matrix_Exercise_V2.csproj", "{6CB339E8-E776-4D22-A2A5-8FEECF1E6F51}"
EndProject
Project("{9A19103F-16F7-4668-BE54-9A1E7A4F7556}") = "Var_Type", "Var_Type\Var_Type.csproj", "{48F9F3AB-85B1-462F-AAED-E6B712A1BEFE}"
EndProject
Project("{9A19103F-16F7-4668-BE54-9A1E7A4F7556}") = "SwitchCase_Type", "SwitchCase_Type\SwitchCase_Type.csproj", "{7D93D038-6B31-4C45-A530-8B27F3F8C6BA}"
EndProject
Project("{9A19103F-16F7-4668-BE54-9A1E7A4F7556}") = "Vect_Exercises", "Vect_Exercises\Vect_Exercises.csproj", "{6C37084C-FAE6-4C2C-B420-6D09D21DBF11}"
EndProject
Project("{9A19103F-16F7-4668-BE54-9A1E7A4F7556}") = "Ternary_Operator", "Ternary_Operator\Ternary_Operator.csproj", "{D511EDCF-687A-4611-801F-36D8BFC91353}"
EndProject
Project("{9A19103F-16F7-4668-BE54-9A1E7A4F7556}") = "String_Functions", "String_Functions\String_Functions.csproj", "{419CF997-DFA5-4A90-AE51-4A7395362994}"
EndProject
Project("{9A19103F-16F7-4668-BE54-9A1E7A4F7556}") = "DateTime_Type", "DateTime_Type\DateTime_Type.csproj", "{24AB332A-5E22-4181-98C9-3AAA9CD236F4}"
EndProject
Project("{9A19103F-16F7-4668-BE54-9A1E7A4F7556}") = "TimeSpan_Type", "TimeSpan_Type\TimeSpan_Type.csproj", "{1B55E58D-3E91-402E-A5F3-157D6E5E2140}"
EndProject
Project("{9A19103F-16F7-4668-BE54-9A1E7A4F7556}") = "Propreties_With_DateTime", "Propreties_With_DateTime\Propreties_With_DateTime.csproj", "{9718B328-49CA-40A3-8D62-2A91774AA759}"
EndProject
Project("{9A19103F-16F7-4668-BE54-9A1E7A4F7556}") = "Shibata_Web", "Shibata_Web\Shibata_Web.csproj", "{75A5B239-8CD9-4011-82F8-AAE757301D0B}"
EndProject
Project("{9A19103F-16F7-4668-BE54-9A1E7A4F7556}") = "Properties_With_TimeSpan", "Properties_With_TimeSpan\Properties_With_TimeSpan.csproj", "{B71D5A93-2447-4C9D-8E44-E663BFCC4803}"
EndProject
Project("{9A19103F-16F7-4668-BE54-9A1E7A4F7556}") = "DateTimeKind_Function", "DateTimeKind_Function\DateTimeKind_Function.csproj", "{35AE40A0-8E74-4595-958C-A6DC46CB7B34}"
EndProject
Project("{9A19103F-16F7-4668-BE54-9A1E7A4F7556}") = "Extension_Methods", "Extension_Methods\Extension_Methods.csproj", "{4560A89F-4322-4EEA-8873-643DEE112E4F}"
EndProject
Project("{9A19103F-16F7-4668-BE54-9A1E7A4F7556}") = "Enum_Type", "Enum_Type\Enum_Type.csproj", "{B5BAA0D3-D5EC-44CD-B82E-F1E2B9931ECA}"
EndProject
Project("{9A19103F-16F7-4668-BE54-9A1E7A4F7556}") = "Enum_Exercise", "Enum_Exercise\Enum_Exercise.csproj", "{EE79E1C7-9B70-42C8-96BE-00CC152EA39E}"
EndProject
Project("{9A19103F-16F7-4668-BE54-9A1E7A4F7556}") = "Composition_Exercise", "Composition_Exercise\Composition_Exercise.csproj", "{3EEA12C7-2C82-47F4-9C99-86E94BC6DCF2}"
EndProject
Project("{9A19103F-16F7-4668-BE54-9A1E7A4F7556}") = "Compostion_Exercise_2", "Compostion_Exercise_2\Compostion_Exercise_2.csproj", "{54ED131B-66CB-42D3-A128-61267CE2B516}"
EndProject
Project("{9A19103F-16F7-4668-BE54-9A1E7A4F7556}") = "Inheritance_OOP", "Inheritance_OOP\Inheritance_OOP.csproj", "{677DA2B8-7F87-40E5-B2A9-67355CFF5367}"
EndProject
Project("{9A19103F-16F7-4668-BE54-9A1E7A4F7556}") = "Inheritance_Exercise", "Inheritance_Exercise\Inheritance_Exercise.csproj", "{AF647BC7-E573-48EA-8D52-CBFBEB470E1A}"
EndProject
Project("{9A19103F-16F7-4668-BE54-9A1E7A4F7556}") = "Inheritance_Exercise_2", "Inheritance_Exercise_2\Inheritance_Exercise_2.csproj", "{9723C24C-C1D8-4B2A-AE71-B51958228D43}"
EndProject
Project("{9A19103F-16F7-4668-BE54-9A1E7A4F7556}") = "Abstract_Exercise", "Abstract_Exercise\Abstract_Exercise.csproj", "{6F698715-25B6-4527-9DBC-BB7B566ECB91}"
EndProject
Project("{9A19103F-16F7-4668-BE54-9A1E7A4F7556}") = "Abstract_Exercise_2", "Abstract_Exercise_2\Abstract_Exercise_2.csproj", "{22E9A537-A1A2-46CF-B68A-3B10582452F6}"
EndProject
Project("{9A19103F-16F7-4668-BE54-9A1E7A4F7556}") = "Try_Catch", "Try_Catch\Try_Catch.csproj", "{02F851BE-B568-463B-8652-FE89C5DCC2E8}"
EndProject
Project("{9A19103F-16F7-4668-BE54-9A1E7A4F7556}") = "Try_Catch_2", "Try_Catch_2\Try_Catch_2.csproj", "{E41BD204-4B07-4CEF-8CD0-AC4BBE4A72AC}"
EndProject
Project("{9A19103F-16F7-4668-BE54-9A1E7A4F7556}") = "Exceptions_Exercise", "Exceptions_Exercise\Exceptions_Exercise.csproj", "{D1D1205A-D37A-4032-BC3F-D351C8703025}"
EndProject
Project("{9A19103F-16F7-4668-BE54-9A1E7A4F7556}") = "Files_1", "Files_1\Files_1.csproj", "{A9AF36A1-A706-4B4F-A23D-039691007CFC}"
EndProject
Project("{9A19103F-16F7-4668-BE54-9A1E7A4F7556}") = "FIles_2", "FIles_2\FIles_2.csproj", "{A3AFEF8F-F273-4F58-8267-1D2682DA12ED}"
EndProject
Project("{9A19103F-16F7-4668-BE54-9A1E7A4F7556}") = "Files_3", "Files_3\Files_3.csproj", "{CFE2ADB5-BF7D-4A11-9C7D-2FF3A6FC7A57}"
EndProject
Project("{9A19103F-16F7-4668-BE54-9A1E7A4F7556}") = "Files_4", "Files_4\Files_4.csproj", "{522DF0B8-71F3-48CD-B8CD-B7502E296BD6}"
EndProject
Project("{9A19103F-16F7-4668-BE54-9A1E7A4F7556}") = "Directory_1", "Directory_1\Directory_1.csproj", "{C2DDCEE3-1277-4DBF-8BC6-D73522AA4547}"
EndProject
Project("{9A19103F-16F7-4668-BE54-9A1E7A4F7556}") = "Path_1", "Path_1\Path_1.csproj", "{7C85D9A3-B9D7-4352-810D-C0610AD140C8}"
EndProject
Project("{9A19103F-16F7-4668-BE54-9A1E7A4F7556}") = "Files_Exercise", "Files_Exercise\Files_Exercise.csproj", "{941D06FF-6245-4C70-83E3-8F54EDCB4444}"
EndProject
Project("{9A19103F-16F7-4668-BE54-9A1E7A4F7556}") = "Files_Exercise_2", "Files_Exercise_2\Files_Exercise_2.csproj", "{EC65B2B4-EC8D-460B-A3E7-21E8D435C861}"
EndProject
Project("{9A19103F-16F7-4668-BE54-9A1E7A4F7556}") = "Interface_1", "Interface_1\Interface_1.csproj", "{BA52E5EF-6EF7-4ABD-AF95-82FB6532FDE2}"
EndProject
Project("{9A19103F-16F7-4668-BE54-9A1E7A4F7556}") = "Interface_2", "Interface_2\Interface_2.csproj", "{E61AFC26-5EDD-4D99-B205-8734C55CF114}"
EndProject
Project("{9A19103F-16F7-4668-BE54-9A1E7A4F7556}") = "Interfaces_And_Abstracts", "Interfaces_And_Abstracts\Interfaces_And_Abstracts.csproj", "{E77A46B2-6615-459D-9257-C54A9F9596F7}"
EndProject
Project("{9A19103F-16F7-4668-BE54-9A1E7A4F7556}") = "Interface_IComparable", "Interface_IComparable\Interface_IComparable.csproj", "{25591D25-89FE-4DD7-8EE1-A1934C2F8B66}"
EndProject
Project("{9A19103F-16F7-4668-BE54-9A1E7A4F7556}") = "Generics_1", "Generics_1\Generics_1.csproj", "{BE31186A-D19A-4B23-AEC0-8D53568D23AD}"
EndProject
Project("{9A19103F-16F7-4668-BE54-9A1E7A4F7556}") = "Generics_2", "Generics_2\Generics_2.csproj", "{237B213B-4408-4602-BB83-D3682B8E470B}"
EndProject
Project("{9A19103F-16F7-4668-BE54-9A1E7A4F7556}") = "Equals_HashCode", "Equals_HasCode\Equals_HashCode.csproj", "{0FD3DB9F-356D-489B-9A25-81100471FC03}"
EndProject
Project("{9A19103F-16F7-4668-BE54-9A1E7A4F7556}") = "HashSet_SortedSet", "HashSet_SortedSet\HashSet_SortedSet.csproj", "{877DE15F-331D-470A-8DF5-F1D6313A4303}"
EndProject
Project("{9A19103F-16F7-4668-BE54-9A1E7A4F7556}") = "HashSet_SortedSet_2", "HashSet_SortedSet_2\HashSet_SortedSet_2.csproj", "{FE82DBFB-3F13-421D-8F52-06888716573A}"
EndProject
Project("{9A19103F-16F7-4668-BE54-9A1E7A4F7556}") = "HashSet_Exercise", "HashSet_Exercise\HashSet_Exercise.csproj", "{5B051DBF-3E15-4513-BA06-6CFFED4989BB}"
EndProject
Project("{9A19103F-16F7-4668-BE54-9A1E7A4F7556}") = "HashSet_Exercise_2", "HashSet_Exercise_2\HashSet_Exercise_2.csproj", "{C645D7CC-A2F2-4B12-A6C6-3EF5A2F5D8B4}"
EndProject
Project("{9A19103F-16F7-4668-BE54-9A1E7A4F7556}") = "Dictionaries", "Dictionaries\Dictionaries.csproj", "{7A0C582F-FBA7-45EC-A120-FCE07F24B05C}"
EndProject
Project("{9A19103F-16F7-4668-BE54-9A1E7A4F7556}") = "Dictionaries_Exercise", "Dictionaries_Exercise\Dictionaries_Exercise.csproj", "{3B340595-1842-401C-974C-9FE5A30FF5A6}"
EndProject
Project("{9A19103F-16F7-4668-BE54-9A1E7A4F7556}") = "Extensions_Method", "Extensions_Method\Extensions_Method.csproj", "{DCDABFFD-ABB9-4B76-AB39-40890A0FBBB1}"
EndProject
Project("{9A19103F-16F7-4668-BE54-9A1E7A4F7556}") = "Product_Comparison", "Product_Comparison\Product_Comparison.csproj", "{E7ED6065-0FAB-47D3-A7E6-6556A93FF1EA}"
EndProject
Project("{FAE04EC0-301F-11D3-BF4B-00C04F79EFBC}") = "Delegates_1", "Delegates_1\Delegates_1.csproj", "{391FBBC3-21B2-48F1-B9B4-93E52B08D886}"
EndProject
Global
	GlobalSection(SolutionConfigurationPlatforms) = preSolution
		Debug|Any CPU = Debug|Any CPU
		Release|Any CPU = Release|Any CPU
	EndGlobalSection
	GlobalSection(ProjectConfigurationPlatforms) = postSolution
		{AA4EEF1E-6EEF-4416-96A7-AFDC7C23D349}.Debug|Any CPU.ActiveCfg = Debug|Any CPU
		{AA4EEF1E-6EEF-4416-96A7-AFDC7C23D349}.Debug|Any CPU.Build.0 = Debug|Any CPU
		{AA4EEF1E-6EEF-4416-96A7-AFDC7C23D349}.Release|Any CPU.ActiveCfg = Release|Any CPU
		{AA4EEF1E-6EEF-4416-96A7-AFDC7C23D349}.Release|Any CPU.Build.0 = Release|Any CPU
		{895F3045-3335-4473-B9C6-11C5C71FCFB6}.Debug|Any CPU.ActiveCfg = Debug|Any CPU
		{895F3045-3335-4473-B9C6-11C5C71FCFB6}.Debug|Any CPU.Build.0 = Debug|Any CPU
		{895F3045-3335-4473-B9C6-11C5C71FCFB6}.Release|Any CPU.ActiveCfg = Release|Any CPU
		{895F3045-3335-4473-B9C6-11C5C71FCFB6}.Release|Any CPU.Build.0 = Release|Any CPU
		{99439106-0F90-4C0D-A767-2F4274BAE927}.Debug|Any CPU.ActiveCfg = Debug|Any CPU
		{99439106-0F90-4C0D-A767-2F4274BAE927}.Debug|Any CPU.Build.0 = Debug|Any CPU
		{99439106-0F90-4C0D-A767-2F4274BAE927}.Release|Any CPU.ActiveCfg = Release|Any CPU
		{99439106-0F90-4C0D-A767-2F4274BAE927}.Release|Any CPU.Build.0 = Release|Any CPU
		{32522667-6A3D-495F-A348-892417ED725E}.Debug|Any CPU.ActiveCfg = Debug|Any CPU
		{32522667-6A3D-495F-A348-892417ED725E}.Debug|Any CPU.Build.0 = Debug|Any CPU
		{32522667-6A3D-495F-A348-892417ED725E}.Release|Any CPU.ActiveCfg = Release|Any CPU
		{32522667-6A3D-495F-A348-892417ED725E}.Release|Any CPU.Build.0 = Release|Any CPU
		{FE9045E8-E920-4883-ADD3-95369C7CECA2}.Debug|Any CPU.ActiveCfg = Debug|Any CPU
		{FE9045E8-E920-4883-ADD3-95369C7CECA2}.Debug|Any CPU.Build.0 = Debug|Any CPU
		{FE9045E8-E920-4883-ADD3-95369C7CECA2}.Release|Any CPU.ActiveCfg = Release|Any CPU
		{FE9045E8-E920-4883-ADD3-95369C7CECA2}.Release|Any CPU.Build.0 = Release|Any CPU
		{703BB315-8C65-4C79-B18F-5781733975A5}.Debug|Any CPU.ActiveCfg = Debug|Any CPU
		{703BB315-8C65-4C79-B18F-5781733975A5}.Debug|Any CPU.Build.0 = Debug|Any CPU
		{703BB315-8C65-4C79-B18F-5781733975A5}.Release|Any CPU.ActiveCfg = Release|Any CPU
		{703BB315-8C65-4C79-B18F-5781733975A5}.Release|Any CPU.Build.0 = Release|Any CPU
		{77063066-A44B-4C49-9F56-214075EED2DD}.Debug|Any CPU.ActiveCfg = Debug|Any CPU
		{77063066-A44B-4C49-9F56-214075EED2DD}.Debug|Any CPU.Build.0 = Debug|Any CPU
		{77063066-A44B-4C49-9F56-214075EED2DD}.Release|Any CPU.ActiveCfg = Release|Any CPU
		{77063066-A44B-4C49-9F56-214075EED2DD}.Release|Any CPU.Build.0 = Release|Any CPU
		{63D7EF6C-4169-4C25-A16E-C47245D1C296}.Debug|Any CPU.ActiveCfg = Debug|Any CPU
		{63D7EF6C-4169-4C25-A16E-C47245D1C296}.Debug|Any CPU.Build.0 = Debug|Any CPU
		{63D7EF6C-4169-4C25-A16E-C47245D1C296}.Release|Any CPU.ActiveCfg = Release|Any CPU
		{63D7EF6C-4169-4C25-A16E-C47245D1C296}.Release|Any CPU.Build.0 = Release|Any CPU
		{38E054C6-6B37-475C-AC68-1CA02ED8398F}.Debug|Any CPU.ActiveCfg = Debug|Any CPU
		{38E054C6-6B37-475C-AC68-1CA02ED8398F}.Debug|Any CPU.Build.0 = Debug|Any CPU
		{38E054C6-6B37-475C-AC68-1CA02ED8398F}.Release|Any CPU.ActiveCfg = Release|Any CPU
		{38E054C6-6B37-475C-AC68-1CA02ED8398F}.Release|Any CPU.Build.0 = Release|Any CPU
		{736673ED-E4C6-4560-840A-BFC511DAE863}.Debug|Any CPU.ActiveCfg = Debug|Any CPU
		{736673ED-E4C6-4560-840A-BFC511DAE863}.Debug|Any CPU.Build.0 = Debug|Any CPU
		{736673ED-E4C6-4560-840A-BFC511DAE863}.Release|Any CPU.ActiveCfg = Release|Any CPU
		{736673ED-E4C6-4560-840A-BFC511DAE863}.Release|Any CPU.Build.0 = Release|Any CPU
		{5E8ABAC8-4AD5-4875-BC66-5E3C9EF9DDAB}.Debug|Any CPU.ActiveCfg = Debug|Any CPU
		{5E8ABAC8-4AD5-4875-BC66-5E3C9EF9DDAB}.Debug|Any CPU.Build.0 = Debug|Any CPU
		{5E8ABAC8-4AD5-4875-BC66-5E3C9EF9DDAB}.Release|Any CPU.ActiveCfg = Release|Any CPU
		{5E8ABAC8-4AD5-4875-BC66-5E3C9EF9DDAB}.Release|Any CPU.Build.0 = Release|Any CPU
		{F5047636-15D9-437C-AF1D-E82BF8CC5453}.Debug|Any CPU.ActiveCfg = Debug|Any CPU
		{F5047636-15D9-437C-AF1D-E82BF8CC5453}.Debug|Any CPU.Build.0 = Debug|Any CPU
		{F5047636-15D9-437C-AF1D-E82BF8CC5453}.Release|Any CPU.ActiveCfg = Release|Any CPU
		{F5047636-15D9-437C-AF1D-E82BF8CC5453}.Release|Any CPU.Build.0 = Release|Any CPU
		{CCD191BE-77E5-4AD1-8FC4-6EA5587EDE5F}.Debug|Any CPU.ActiveCfg = Debug|Any CPU
		{CCD191BE-77E5-4AD1-8FC4-6EA5587EDE5F}.Debug|Any CPU.Build.0 = Debug|Any CPU
		{CCD191BE-77E5-4AD1-8FC4-6EA5587EDE5F}.Release|Any CPU.ActiveCfg = Release|Any CPU
		{CCD191BE-77E5-4AD1-8FC4-6EA5587EDE5F}.Release|Any CPU.Build.0 = Release|Any CPU
		{7DAF4031-3310-47A9-AE6A-59534CB3F15A}.Debug|Any CPU.ActiveCfg = Debug|Any CPU
		{7DAF4031-3310-47A9-AE6A-59534CB3F15A}.Debug|Any CPU.Build.0 = Debug|Any CPU
		{7DAF4031-3310-47A9-AE6A-59534CB3F15A}.Release|Any CPU.ActiveCfg = Release|Any CPU
		{7DAF4031-3310-47A9-AE6A-59534CB3F15A}.Release|Any CPU.Build.0 = Release|Any CPU
		{CB76E9D6-CB3E-43E4-811C-E6041B0F6BCE}.Debug|Any CPU.ActiveCfg = Debug|Any CPU
		{CB76E9D6-CB3E-43E4-811C-E6041B0F6BCE}.Debug|Any CPU.Build.0 = Debug|Any CPU
		{CB76E9D6-CB3E-43E4-811C-E6041B0F6BCE}.Release|Any CPU.ActiveCfg = Release|Any CPU
		{CB76E9D6-CB3E-43E4-811C-E6041B0F6BCE}.Release|Any CPU.Build.0 = Release|Any CPU
		{6B1F3A25-9DD8-4C07-A490-18577F83FA35}.Debug|Any CPU.ActiveCfg = Debug|Any CPU
		{6B1F3A25-9DD8-4C07-A490-18577F83FA35}.Debug|Any CPU.Build.0 = Debug|Any CPU
		{6B1F3A25-9DD8-4C07-A490-18577F83FA35}.Release|Any CPU.ActiveCfg = Release|Any CPU
		{6B1F3A25-9DD8-4C07-A490-18577F83FA35}.Release|Any CPU.Build.0 = Release|Any CPU
		{BA85C3B2-FCF0-448C-804E-8944585C9C74}.Debug|Any CPU.ActiveCfg = Debug|Any CPU
		{BA85C3B2-FCF0-448C-804E-8944585C9C74}.Debug|Any CPU.Build.0 = Debug|Any CPU
		{BA85C3B2-FCF0-448C-804E-8944585C9C74}.Release|Any CPU.ActiveCfg = Release|Any CPU
		{BA85C3B2-FCF0-448C-804E-8944585C9C74}.Release|Any CPU.Build.0 = Release|Any CPU
		{32FC8565-E208-4702-A175-0AB711EFB474}.Debug|Any CPU.ActiveCfg = Debug|Any CPU
		{32FC8565-E208-4702-A175-0AB711EFB474}.Debug|Any CPU.Build.0 = Debug|Any CPU
		{32FC8565-E208-4702-A175-0AB711EFB474}.Release|Any CPU.ActiveCfg = Release|Any CPU
		{32FC8565-E208-4702-A175-0AB711EFB474}.Release|Any CPU.Build.0 = Release|Any CPU
		{134D64B1-1F04-47FB-A314-E16A66A89D08}.Debug|Any CPU.ActiveCfg = Debug|Any CPU
		{134D64B1-1F04-47FB-A314-E16A66A89D08}.Debug|Any CPU.Build.0 = Debug|Any CPU
		{134D64B1-1F04-47FB-A314-E16A66A89D08}.Release|Any CPU.ActiveCfg = Release|Any CPU
		{134D64B1-1F04-47FB-A314-E16A66A89D08}.Release|Any CPU.Build.0 = Release|Any CPU
		{73298985-A51F-4743-9158-C9D1991B49D5}.Debug|Any CPU.ActiveCfg = Debug|Any CPU
		{73298985-A51F-4743-9158-C9D1991B49D5}.Debug|Any CPU.Build.0 = Debug|Any CPU
		{73298985-A51F-4743-9158-C9D1991B49D5}.Release|Any CPU.ActiveCfg = Release|Any CPU
		{73298985-A51F-4743-9158-C9D1991B49D5}.Release|Any CPU.Build.0 = Release|Any CPU
		{F4AADC1A-C749-4D51-B101-B76087099DF0}.Debug|Any CPU.ActiveCfg = Debug|Any CPU
		{F4AADC1A-C749-4D51-B101-B76087099DF0}.Debug|Any CPU.Build.0 = Debug|Any CPU
		{F4AADC1A-C749-4D51-B101-B76087099DF0}.Release|Any CPU.ActiveCfg = Release|Any CPU
		{F4AADC1A-C749-4D51-B101-B76087099DF0}.Release|Any CPU.Build.0 = Release|Any CPU
		{73FF82AA-81BC-46C3-9C37-9B1415ECDD78}.Debug|Any CPU.ActiveCfg = Debug|Any CPU
		{73FF82AA-81BC-46C3-9C37-9B1415ECDD78}.Debug|Any CPU.Build.0 = Debug|Any CPU
		{73FF82AA-81BC-46C3-9C37-9B1415ECDD78}.Release|Any CPU.ActiveCfg = Release|Any CPU
		{73FF82AA-81BC-46C3-9C37-9B1415ECDD78}.Release|Any CPU.Build.0 = Release|Any CPU
		{AE59A6C7-3EF3-49B7-A0DC-F0F6995B5077}.Debug|Any CPU.ActiveCfg = Debug|Any CPU
		{AE59A6C7-3EF3-49B7-A0DC-F0F6995B5077}.Debug|Any CPU.Build.0 = Debug|Any CPU
		{AE59A6C7-3EF3-49B7-A0DC-F0F6995B5077}.Release|Any CPU.ActiveCfg = Release|Any CPU
		{AE59A6C7-3EF3-49B7-A0DC-F0F6995B5077}.Release|Any CPU.Build.0 = Release|Any CPU
		{D83FBA65-EB21-42F6-84A3-B3F46DD2C0B1}.Debug|Any CPU.ActiveCfg = Debug|Any CPU
		{D83FBA65-EB21-42F6-84A3-B3F46DD2C0B1}.Debug|Any CPU.Build.0 = Debug|Any CPU
		{D83FBA65-EB21-42F6-84A3-B3F46DD2C0B1}.Release|Any CPU.ActiveCfg = Release|Any CPU
		{D83FBA65-EB21-42F6-84A3-B3F46DD2C0B1}.Release|Any CPU.Build.0 = Release|Any CPU
		{4AF15505-F474-4D9A-8C26-DA1098142A6F}.Debug|Any CPU.ActiveCfg = Debug|Any CPU
		{4AF15505-F474-4D9A-8C26-DA1098142A6F}.Debug|Any CPU.Build.0 = Debug|Any CPU
		{4AF15505-F474-4D9A-8C26-DA1098142A6F}.Release|Any CPU.ActiveCfg = Release|Any CPU
		{4AF15505-F474-4D9A-8C26-DA1098142A6F}.Release|Any CPU.Build.0 = Release|Any CPU
		{689C916C-6802-46B3-8A83-5D1145731398}.Debug|Any CPU.ActiveCfg = Debug|Any CPU
		{689C916C-6802-46B3-8A83-5D1145731398}.Debug|Any CPU.Build.0 = Debug|Any CPU
		{689C916C-6802-46B3-8A83-5D1145731398}.Release|Any CPU.ActiveCfg = Release|Any CPU
		{689C916C-6802-46B3-8A83-5D1145731398}.Release|Any CPU.Build.0 = Release|Any CPU
		{61602150-4DAF-4831-84E0-D0A235EACAA7}.Debug|Any CPU.ActiveCfg = Debug|Any CPU
		{61602150-4DAF-4831-84E0-D0A235EACAA7}.Debug|Any CPU.Build.0 = Debug|Any CPU
		{61602150-4DAF-4831-84E0-D0A235EACAA7}.Release|Any CPU.ActiveCfg = Release|Any CPU
		{61602150-4DAF-4831-84E0-D0A235EACAA7}.Release|Any CPU.Build.0 = Release|Any CPU
		{738FF01B-25FA-4DD2-B3EA-2BF54CD15032}.Debug|Any CPU.ActiveCfg = Debug|Any CPU
		{738FF01B-25FA-4DD2-B3EA-2BF54CD15032}.Debug|Any CPU.Build.0 = Debug|Any CPU
		{738FF01B-25FA-4DD2-B3EA-2BF54CD15032}.Release|Any CPU.ActiveCfg = Release|Any CPU
		{738FF01B-25FA-4DD2-B3EA-2BF54CD15032}.Release|Any CPU.Build.0 = Release|Any CPU
		{18DF23E7-CBEA-4D65-A006-57320F6AE571}.Debug|Any CPU.ActiveCfg = Debug|Any CPU
		{18DF23E7-CBEA-4D65-A006-57320F6AE571}.Debug|Any CPU.Build.0 = Debug|Any CPU
		{18DF23E7-CBEA-4D65-A006-57320F6AE571}.Release|Any CPU.ActiveCfg = Release|Any CPU
		{18DF23E7-CBEA-4D65-A006-57320F6AE571}.Release|Any CPU.Build.0 = Release|Any CPU
		{8642B870-475B-475E-A252-3A829A509023}.Debug|Any CPU.ActiveCfg = Debug|Any CPU
		{8642B870-475B-475E-A252-3A829A509023}.Debug|Any CPU.Build.0 = Debug|Any CPU
		{8642B870-475B-475E-A252-3A829A509023}.Release|Any CPU.ActiveCfg = Release|Any CPU
		{8642B870-475B-475E-A252-3A829A509023}.Release|Any CPU.Build.0 = Release|Any CPU
		{6CB339E8-E776-4D22-A2A5-8FEECF1E6F51}.Debug|Any CPU.ActiveCfg = Debug|Any CPU
		{6CB339E8-E776-4D22-A2A5-8FEECF1E6F51}.Debug|Any CPU.Build.0 = Debug|Any CPU
		{6CB339E8-E776-4D22-A2A5-8FEECF1E6F51}.Release|Any CPU.ActiveCfg = Release|Any CPU
		{6CB339E8-E776-4D22-A2A5-8FEECF1E6F51}.Release|Any CPU.Build.0 = Release|Any CPU
		{48F9F3AB-85B1-462F-AAED-E6B712A1BEFE}.Debug|Any CPU.ActiveCfg = Debug|Any CPU
		{48F9F3AB-85B1-462F-AAED-E6B712A1BEFE}.Debug|Any CPU.Build.0 = Debug|Any CPU
		{48F9F3AB-85B1-462F-AAED-E6B712A1BEFE}.Release|Any CPU.ActiveCfg = Release|Any CPU
		{48F9F3AB-85B1-462F-AAED-E6B712A1BEFE}.Release|Any CPU.Build.0 = Release|Any CPU
		{7D93D038-6B31-4C45-A530-8B27F3F8C6BA}.Debug|Any CPU.ActiveCfg = Debug|Any CPU
		{7D93D038-6B31-4C45-A530-8B27F3F8C6BA}.Debug|Any CPU.Build.0 = Debug|Any CPU
		{7D93D038-6B31-4C45-A530-8B27F3F8C6BA}.Release|Any CPU.ActiveCfg = Release|Any CPU
		{7D93D038-6B31-4C45-A530-8B27F3F8C6BA}.Release|Any CPU.Build.0 = Release|Any CPU
		{6C37084C-FAE6-4C2C-B420-6D09D21DBF11}.Debug|Any CPU.ActiveCfg = Debug|Any CPU
		{6C37084C-FAE6-4C2C-B420-6D09D21DBF11}.Debug|Any CPU.Build.0 = Debug|Any CPU
		{6C37084C-FAE6-4C2C-B420-6D09D21DBF11}.Release|Any CPU.ActiveCfg = Release|Any CPU
		{6C37084C-FAE6-4C2C-B420-6D09D21DBF11}.Release|Any CPU.Build.0 = Release|Any CPU
		{D511EDCF-687A-4611-801F-36D8BFC91353}.Debug|Any CPU.ActiveCfg = Debug|Any CPU
		{D511EDCF-687A-4611-801F-36D8BFC91353}.Debug|Any CPU.Build.0 = Debug|Any CPU
		{D511EDCF-687A-4611-801F-36D8BFC91353}.Release|Any CPU.ActiveCfg = Release|Any CPU
		{D511EDCF-687A-4611-801F-36D8BFC91353}.Release|Any CPU.Build.0 = Release|Any CPU
		{419CF997-DFA5-4A90-AE51-4A7395362994}.Debug|Any CPU.ActiveCfg = Debug|Any CPU
		{419CF997-DFA5-4A90-AE51-4A7395362994}.Debug|Any CPU.Build.0 = Debug|Any CPU
		{419CF997-DFA5-4A90-AE51-4A7395362994}.Release|Any CPU.ActiveCfg = Release|Any CPU
		{419CF997-DFA5-4A90-AE51-4A7395362994}.Release|Any CPU.Build.0 = Release|Any CPU
		{24AB332A-5E22-4181-98C9-3AAA9CD236F4}.Debug|Any CPU.ActiveCfg = Debug|Any CPU
		{24AB332A-5E22-4181-98C9-3AAA9CD236F4}.Debug|Any CPU.Build.0 = Debug|Any CPU
		{24AB332A-5E22-4181-98C9-3AAA9CD236F4}.Release|Any CPU.ActiveCfg = Release|Any CPU
		{24AB332A-5E22-4181-98C9-3AAA9CD236F4}.Release|Any CPU.Build.0 = Release|Any CPU
		{1B55E58D-3E91-402E-A5F3-157D6E5E2140}.Debug|Any CPU.ActiveCfg = Debug|Any CPU
		{1B55E58D-3E91-402E-A5F3-157D6E5E2140}.Debug|Any CPU.Build.0 = Debug|Any CPU
		{1B55E58D-3E91-402E-A5F3-157D6E5E2140}.Release|Any CPU.ActiveCfg = Release|Any CPU
		{1B55E58D-3E91-402E-A5F3-157D6E5E2140}.Release|Any CPU.Build.0 = Release|Any CPU
		{9718B328-49CA-40A3-8D62-2A91774AA759}.Debug|Any CPU.ActiveCfg = Debug|Any CPU
		{9718B328-49CA-40A3-8D62-2A91774AA759}.Debug|Any CPU.Build.0 = Debug|Any CPU
		{9718B328-49CA-40A3-8D62-2A91774AA759}.Release|Any CPU.ActiveCfg = Release|Any CPU
		{9718B328-49CA-40A3-8D62-2A91774AA759}.Release|Any CPU.Build.0 = Release|Any CPU
		{75A5B239-8CD9-4011-82F8-AAE757301D0B}.Debug|Any CPU.ActiveCfg = Debug|Any CPU
		{75A5B239-8CD9-4011-82F8-AAE757301D0B}.Debug|Any CPU.Build.0 = Debug|Any CPU
		{75A5B239-8CD9-4011-82F8-AAE757301D0B}.Release|Any CPU.ActiveCfg = Release|Any CPU
		{75A5B239-8CD9-4011-82F8-AAE757301D0B}.Release|Any CPU.Build.0 = Release|Any CPU
		{B71D5A93-2447-4C9D-8E44-E663BFCC4803}.Debug|Any CPU.ActiveCfg = Debug|Any CPU
		{B71D5A93-2447-4C9D-8E44-E663BFCC4803}.Debug|Any CPU.Build.0 = Debug|Any CPU
		{B71D5A93-2447-4C9D-8E44-E663BFCC4803}.Release|Any CPU.ActiveCfg = Release|Any CPU
		{B71D5A93-2447-4C9D-8E44-E663BFCC4803}.Release|Any CPU.Build.0 = Release|Any CPU
		{35AE40A0-8E74-4595-958C-A6DC46CB7B34}.Debug|Any CPU.ActiveCfg = Debug|Any CPU
		{35AE40A0-8E74-4595-958C-A6DC46CB7B34}.Debug|Any CPU.Build.0 = Debug|Any CPU
		{35AE40A0-8E74-4595-958C-A6DC46CB7B34}.Release|Any CPU.ActiveCfg = Release|Any CPU
		{35AE40A0-8E74-4595-958C-A6DC46CB7B34}.Release|Any CPU.Build.0 = Release|Any CPU
		{4560A89F-4322-4EEA-8873-643DEE112E4F}.Debug|Any CPU.ActiveCfg = Debug|Any CPU
		{4560A89F-4322-4EEA-8873-643DEE112E4F}.Debug|Any CPU.Build.0 = Debug|Any CPU
		{4560A89F-4322-4EEA-8873-643DEE112E4F}.Release|Any CPU.ActiveCfg = Release|Any CPU
		{4560A89F-4322-4EEA-8873-643DEE112E4F}.Release|Any CPU.Build.0 = Release|Any CPU
		{B5BAA0D3-D5EC-44CD-B82E-F1E2B9931ECA}.Debug|Any CPU.ActiveCfg = Debug|Any CPU
		{B5BAA0D3-D5EC-44CD-B82E-F1E2B9931ECA}.Debug|Any CPU.Build.0 = Debug|Any CPU
		{B5BAA0D3-D5EC-44CD-B82E-F1E2B9931ECA}.Release|Any CPU.ActiveCfg = Release|Any CPU
		{B5BAA0D3-D5EC-44CD-B82E-F1E2B9931ECA}.Release|Any CPU.Build.0 = Release|Any CPU
		{EE79E1C7-9B70-42C8-96BE-00CC152EA39E}.Debug|Any CPU.ActiveCfg = Debug|Any CPU
		{EE79E1C7-9B70-42C8-96BE-00CC152EA39E}.Debug|Any CPU.Build.0 = Debug|Any CPU
		{EE79E1C7-9B70-42C8-96BE-00CC152EA39E}.Release|Any CPU.ActiveCfg = Release|Any CPU
		{EE79E1C7-9B70-42C8-96BE-00CC152EA39E}.Release|Any CPU.Build.0 = Release|Any CPU
		{3EEA12C7-2C82-47F4-9C99-86E94BC6DCF2}.Debug|Any CPU.ActiveCfg = Debug|Any CPU
		{3EEA12C7-2C82-47F4-9C99-86E94BC6DCF2}.Debug|Any CPU.Build.0 = Debug|Any CPU
		{3EEA12C7-2C82-47F4-9C99-86E94BC6DCF2}.Release|Any CPU.ActiveCfg = Release|Any CPU
		{3EEA12C7-2C82-47F4-9C99-86E94BC6DCF2}.Release|Any CPU.Build.0 = Release|Any CPU
		{54ED131B-66CB-42D3-A128-61267CE2B516}.Debug|Any CPU.ActiveCfg = Debug|Any CPU
		{54ED131B-66CB-42D3-A128-61267CE2B516}.Debug|Any CPU.Build.0 = Debug|Any CPU
		{54ED131B-66CB-42D3-A128-61267CE2B516}.Release|Any CPU.ActiveCfg = Release|Any CPU
		{54ED131B-66CB-42D3-A128-61267CE2B516}.Release|Any CPU.Build.0 = Release|Any CPU
		{677DA2B8-7F87-40E5-B2A9-67355CFF5367}.Debug|Any CPU.ActiveCfg = Debug|Any CPU
		{677DA2B8-7F87-40E5-B2A9-67355CFF5367}.Debug|Any CPU.Build.0 = Debug|Any CPU
		{677DA2B8-7F87-40E5-B2A9-67355CFF5367}.Release|Any CPU.ActiveCfg = Release|Any CPU
		{677DA2B8-7F87-40E5-B2A9-67355CFF5367}.Release|Any CPU.Build.0 = Release|Any CPU
		{AF647BC7-E573-48EA-8D52-CBFBEB470E1A}.Debug|Any CPU.ActiveCfg = Debug|Any CPU
		{AF647BC7-E573-48EA-8D52-CBFBEB470E1A}.Debug|Any CPU.Build.0 = Debug|Any CPU
		{AF647BC7-E573-48EA-8D52-CBFBEB470E1A}.Release|Any CPU.ActiveCfg = Release|Any CPU
		{AF647BC7-E573-48EA-8D52-CBFBEB470E1A}.Release|Any CPU.Build.0 = Release|Any CPU
		{9723C24C-C1D8-4B2A-AE71-B51958228D43}.Debug|Any CPU.ActiveCfg = Debug|Any CPU
		{9723C24C-C1D8-4B2A-AE71-B51958228D43}.Debug|Any CPU.Build.0 = Debug|Any CPU
		{9723C24C-C1D8-4B2A-AE71-B51958228D43}.Release|Any CPU.ActiveCfg = Release|Any CPU
		{9723C24C-C1D8-4B2A-AE71-B51958228D43}.Release|Any CPU.Build.0 = Release|Any CPU
		{6F698715-25B6-4527-9DBC-BB7B566ECB91}.Debug|Any CPU.ActiveCfg = Debug|Any CPU
		{6F698715-25B6-4527-9DBC-BB7B566ECB91}.Debug|Any CPU.Build.0 = Debug|Any CPU
		{6F698715-25B6-4527-9DBC-BB7B566ECB91}.Release|Any CPU.ActiveCfg = Release|Any CPU
		{6F698715-25B6-4527-9DBC-BB7B566ECB91}.Release|Any CPU.Build.0 = Release|Any CPU
		{22E9A537-A1A2-46CF-B68A-3B10582452F6}.Debug|Any CPU.ActiveCfg = Debug|Any CPU
		{22E9A537-A1A2-46CF-B68A-3B10582452F6}.Debug|Any CPU.Build.0 = Debug|Any CPU
		{22E9A537-A1A2-46CF-B68A-3B10582452F6}.Release|Any CPU.ActiveCfg = Release|Any CPU
		{22E9A537-A1A2-46CF-B68A-3B10582452F6}.Release|Any CPU.Build.0 = Release|Any CPU
		{02F851BE-B568-463B-8652-FE89C5DCC2E8}.Debug|Any CPU.ActiveCfg = Debug|Any CPU
		{02F851BE-B568-463B-8652-FE89C5DCC2E8}.Debug|Any CPU.Build.0 = Debug|Any CPU
		{02F851BE-B568-463B-8652-FE89C5DCC2E8}.Release|Any CPU.ActiveCfg = Release|Any CPU
		{02F851BE-B568-463B-8652-FE89C5DCC2E8}.Release|Any CPU.Build.0 = Release|Any CPU
		{E41BD204-4B07-4CEF-8CD0-AC4BBE4A72AC}.Debug|Any CPU.ActiveCfg = Debug|Any CPU
		{E41BD204-4B07-4CEF-8CD0-AC4BBE4A72AC}.Debug|Any CPU.Build.0 = Debug|Any CPU
		{E41BD204-4B07-4CEF-8CD0-AC4BBE4A72AC}.Release|Any CPU.ActiveCfg = Release|Any CPU
		{E41BD204-4B07-4CEF-8CD0-AC4BBE4A72AC}.Release|Any CPU.Build.0 = Release|Any CPU
		{D1D1205A-D37A-4032-BC3F-D351C8703025}.Debug|Any CPU.ActiveCfg = Debug|Any CPU
		{D1D1205A-D37A-4032-BC3F-D351C8703025}.Debug|Any CPU.Build.0 = Debug|Any CPU
		{D1D1205A-D37A-4032-BC3F-D351C8703025}.Release|Any CPU.ActiveCfg = Release|Any CPU
		{D1D1205A-D37A-4032-BC3F-D351C8703025}.Release|Any CPU.Build.0 = Release|Any CPU
		{A9AF36A1-A706-4B4F-A23D-039691007CFC}.Debug|Any CPU.ActiveCfg = Debug|Any CPU
		{A9AF36A1-A706-4B4F-A23D-039691007CFC}.Debug|Any CPU.Build.0 = Debug|Any CPU
		{A9AF36A1-A706-4B4F-A23D-039691007CFC}.Release|Any CPU.ActiveCfg = Release|Any CPU
		{A9AF36A1-A706-4B4F-A23D-039691007CFC}.Release|Any CPU.Build.0 = Release|Any CPU
		{A3AFEF8F-F273-4F58-8267-1D2682DA12ED}.Debug|Any CPU.ActiveCfg = Debug|Any CPU
		{A3AFEF8F-F273-4F58-8267-1D2682DA12ED}.Debug|Any CPU.Build.0 = Debug|Any CPU
		{A3AFEF8F-F273-4F58-8267-1D2682DA12ED}.Release|Any CPU.ActiveCfg = Release|Any CPU
		{A3AFEF8F-F273-4F58-8267-1D2682DA12ED}.Release|Any CPU.Build.0 = Release|Any CPU
		{CFE2ADB5-BF7D-4A11-9C7D-2FF3A6FC7A57}.Debug|Any CPU.ActiveCfg = Debug|Any CPU
		{CFE2ADB5-BF7D-4A11-9C7D-2FF3A6FC7A57}.Debug|Any CPU.Build.0 = Debug|Any CPU
		{CFE2ADB5-BF7D-4A11-9C7D-2FF3A6FC7A57}.Release|Any CPU.ActiveCfg = Release|Any CPU
		{CFE2ADB5-BF7D-4A11-9C7D-2FF3A6FC7A57}.Release|Any CPU.Build.0 = Release|Any CPU
		{522DF0B8-71F3-48CD-B8CD-B7502E296BD6}.Debug|Any CPU.ActiveCfg = Debug|Any CPU
		{522DF0B8-71F3-48CD-B8CD-B7502E296BD6}.Debug|Any CPU.Build.0 = Debug|Any CPU
		{522DF0B8-71F3-48CD-B8CD-B7502E296BD6}.Release|Any CPU.ActiveCfg = Release|Any CPU
		{522DF0B8-71F3-48CD-B8CD-B7502E296BD6}.Release|Any CPU.Build.0 = Release|Any CPU
		{C2DDCEE3-1277-4DBF-8BC6-D73522AA4547}.Debug|Any CPU.ActiveCfg = Debug|Any CPU
		{C2DDCEE3-1277-4DBF-8BC6-D73522AA4547}.Debug|Any CPU.Build.0 = Debug|Any CPU
		{C2DDCEE3-1277-4DBF-8BC6-D73522AA4547}.Release|Any CPU.ActiveCfg = Release|Any CPU
		{C2DDCEE3-1277-4DBF-8BC6-D73522AA4547}.Release|Any CPU.Build.0 = Release|Any CPU
		{7C85D9A3-B9D7-4352-810D-C0610AD140C8}.Debug|Any CPU.ActiveCfg = Debug|Any CPU
		{7C85D9A3-B9D7-4352-810D-C0610AD140C8}.Debug|Any CPU.Build.0 = Debug|Any CPU
		{7C85D9A3-B9D7-4352-810D-C0610AD140C8}.Release|Any CPU.ActiveCfg = Release|Any CPU
		{7C85D9A3-B9D7-4352-810D-C0610AD140C8}.Release|Any CPU.Build.0 = Release|Any CPU
		{941D06FF-6245-4C70-83E3-8F54EDCB4444}.Debug|Any CPU.ActiveCfg = Debug|Any CPU
		{941D06FF-6245-4C70-83E3-8F54EDCB4444}.Debug|Any CPU.Build.0 = Debug|Any CPU
		{941D06FF-6245-4C70-83E3-8F54EDCB4444}.Release|Any CPU.ActiveCfg = Release|Any CPU
		{941D06FF-6245-4C70-83E3-8F54EDCB4444}.Release|Any CPU.Build.0 = Release|Any CPU
		{EC65B2B4-EC8D-460B-A3E7-21E8D435C861}.Debug|Any CPU.ActiveCfg = Debug|Any CPU
		{EC65B2B4-EC8D-460B-A3E7-21E8D435C861}.Debug|Any CPU.Build.0 = Debug|Any CPU
		{EC65B2B4-EC8D-460B-A3E7-21E8D435C861}.Release|Any CPU.ActiveCfg = Release|Any CPU
		{EC65B2B4-EC8D-460B-A3E7-21E8D435C861}.Release|Any CPU.Build.0 = Release|Any CPU
		{BA52E5EF-6EF7-4ABD-AF95-82FB6532FDE2}.Debug|Any CPU.ActiveCfg = Debug|Any CPU
		{BA52E5EF-6EF7-4ABD-AF95-82FB6532FDE2}.Debug|Any CPU.Build.0 = Debug|Any CPU
		{BA52E5EF-6EF7-4ABD-AF95-82FB6532FDE2}.Release|Any CPU.ActiveCfg = Release|Any CPU
		{BA52E5EF-6EF7-4ABD-AF95-82FB6532FDE2}.Release|Any CPU.Build.0 = Release|Any CPU
		{E61AFC26-5EDD-4D99-B205-8734C55CF114}.Debug|Any CPU.ActiveCfg = Debug|Any CPU
		{E61AFC26-5EDD-4D99-B205-8734C55CF114}.Debug|Any CPU.Build.0 = Debug|Any CPU
		{E61AFC26-5EDD-4D99-B205-8734C55CF114}.Release|Any CPU.ActiveCfg = Release|Any CPU
		{E61AFC26-5EDD-4D99-B205-8734C55CF114}.Release|Any CPU.Build.0 = Release|Any CPU
		{E77A46B2-6615-459D-9257-C54A9F9596F7}.Debug|Any CPU.ActiveCfg = Debug|Any CPU
		{E77A46B2-6615-459D-9257-C54A9F9596F7}.Debug|Any CPU.Build.0 = Debug|Any CPU
		{E77A46B2-6615-459D-9257-C54A9F9596F7}.Release|Any CPU.ActiveCfg = Release|Any CPU
		{E77A46B2-6615-459D-9257-C54A9F9596F7}.Release|Any CPU.Build.0 = Release|Any CPU
		{25591D25-89FE-4DD7-8EE1-A1934C2F8B66}.Debug|Any CPU.ActiveCfg = Debug|Any CPU
		{25591D25-89FE-4DD7-8EE1-A1934C2F8B66}.Debug|Any CPU.Build.0 = Debug|Any CPU
		{25591D25-89FE-4DD7-8EE1-A1934C2F8B66}.Release|Any CPU.ActiveCfg = Release|Any CPU
		{25591D25-89FE-4DD7-8EE1-A1934C2F8B66}.Release|Any CPU.Build.0 = Release|Any CPU
		{BE31186A-D19A-4B23-AEC0-8D53568D23AD}.Debug|Any CPU.ActiveCfg = Debug|Any CPU
		{BE31186A-D19A-4B23-AEC0-8D53568D23AD}.Debug|Any CPU.Build.0 = Debug|Any CPU
		{BE31186A-D19A-4B23-AEC0-8D53568D23AD}.Release|Any CPU.ActiveCfg = Release|Any CPU
		{BE31186A-D19A-4B23-AEC0-8D53568D23AD}.Release|Any CPU.Build.0 = Release|Any CPU
		{237B213B-4408-4602-BB83-D3682B8E470B}.Debug|Any CPU.ActiveCfg = Debug|Any CPU
		{237B213B-4408-4602-BB83-D3682B8E470B}.Debug|Any CPU.Build.0 = Debug|Any CPU
		{237B213B-4408-4602-BB83-D3682B8E470B}.Release|Any CPU.ActiveCfg = Release|Any CPU
		{237B213B-4408-4602-BB83-D3682B8E470B}.Release|Any CPU.Build.0 = Release|Any CPU
		{0FD3DB9F-356D-489B-9A25-81100471FC03}.Debug|Any CPU.ActiveCfg = Debug|Any CPU
		{0FD3DB9F-356D-489B-9A25-81100471FC03}.Debug|Any CPU.Build.0 = Debug|Any CPU
		{0FD3DB9F-356D-489B-9A25-81100471FC03}.Release|Any CPU.ActiveCfg = Release|Any CPU
		{0FD3DB9F-356D-489B-9A25-81100471FC03}.Release|Any CPU.Build.0 = Release|Any CPU
		{877DE15F-331D-470A-8DF5-F1D6313A4303}.Debug|Any CPU.ActiveCfg = Debug|Any CPU
		{877DE15F-331D-470A-8DF5-F1D6313A4303}.Debug|Any CPU.Build.0 = Debug|Any CPU
		{877DE15F-331D-470A-8DF5-F1D6313A4303}.Release|Any CPU.ActiveCfg = Release|Any CPU
		{877DE15F-331D-470A-8DF5-F1D6313A4303}.Release|Any CPU.Build.0 = Release|Any CPU
		{FE82DBFB-3F13-421D-8F52-06888716573A}.Debug|Any CPU.ActiveCfg = Debug|Any CPU
		{FE82DBFB-3F13-421D-8F52-06888716573A}.Debug|Any CPU.Build.0 = Debug|Any CPU
		{FE82DBFB-3F13-421D-8F52-06888716573A}.Release|Any CPU.ActiveCfg = Release|Any CPU
		{FE82DBFB-3F13-421D-8F52-06888716573A}.Release|Any CPU.Build.0 = Release|Any CPU
		{5B051DBF-3E15-4513-BA06-6CFFED4989BB}.Debug|Any CPU.ActiveCfg = Debug|Any CPU
		{5B051DBF-3E15-4513-BA06-6CFFED4989BB}.Debug|Any CPU.Build.0 = Debug|Any CPU
		{5B051DBF-3E15-4513-BA06-6CFFED4989BB}.Release|Any CPU.ActiveCfg = Release|Any CPU
		{5B051DBF-3E15-4513-BA06-6CFFED4989BB}.Release|Any CPU.Build.0 = Release|Any CPU
		{C645D7CC-A2F2-4B12-A6C6-3EF5A2F5D8B4}.Debug|Any CPU.ActiveCfg = Debug|Any CPU
		{C645D7CC-A2F2-4B12-A6C6-3EF5A2F5D8B4}.Debug|Any CPU.Build.0 = Debug|Any CPU
		{C645D7CC-A2F2-4B12-A6C6-3EF5A2F5D8B4}.Release|Any CPU.ActiveCfg = Release|Any CPU
		{C645D7CC-A2F2-4B12-A6C6-3EF5A2F5D8B4}.Release|Any CPU.Build.0 = Release|Any CPU
		{7A0C582F-FBA7-45EC-A120-FCE07F24B05C}.Debug|Any CPU.ActiveCfg = Debug|Any CPU
		{7A0C582F-FBA7-45EC-A120-FCE07F24B05C}.Debug|Any CPU.Build.0 = Debug|Any CPU
		{7A0C582F-FBA7-45EC-A120-FCE07F24B05C}.Release|Any CPU.ActiveCfg = Release|Any CPU
		{7A0C582F-FBA7-45EC-A120-FCE07F24B05C}.Release|Any CPU.Build.0 = Release|Any CPU
		{3B340595-1842-401C-974C-9FE5A30FF5A6}.Debug|Any CPU.ActiveCfg = Debug|Any CPU
		{3B340595-1842-401C-974C-9FE5A30FF5A6}.Debug|Any CPU.Build.0 = Debug|Any CPU
		{3B340595-1842-401C-974C-9FE5A30FF5A6}.Release|Any CPU.ActiveCfg = Release|Any CPU
		{3B340595-1842-401C-974C-9FE5A30FF5A6}.Release|Any CPU.Build.0 = Release|Any CPU
		{DCDABFFD-ABB9-4B76-AB39-40890A0FBBB1}.Debug|Any CPU.ActiveCfg = Debug|Any CPU
		{DCDABFFD-ABB9-4B76-AB39-40890A0FBBB1}.Debug|Any CPU.Build.0 = Debug|Any CPU
		{DCDABFFD-ABB9-4B76-AB39-40890A0FBBB1}.Release|Any CPU.ActiveCfg = Release|Any CPU
		{DCDABFFD-ABB9-4B76-AB39-40890A0FBBB1}.Release|Any CPU.Build.0 = Release|Any CPU
		{E7ED6065-0FAB-47D3-A7E6-6556A93FF1EA}.Debug|Any CPU.ActiveCfg = Debug|Any CPU
		{E7ED6065-0FAB-47D3-A7E6-6556A93FF1EA}.Debug|Any CPU.Build.0 = Debug|Any CPU
		{E7ED6065-0FAB-47D3-A7E6-6556A93FF1EA}.Release|Any CPU.ActiveCfg = Release|Any CPU
		{E7ED6065-0FAB-47D3-A7E6-6556A93FF1EA}.Release|Any CPU.Build.0 = Release|Any CPU
		{391FBBC3-21B2-48F1-B9B4-93E52B08D886}.Debug|Any CPU.ActiveCfg = Debug|Any CPU
		{391FBBC3-21B2-48F1-B9B4-93E52B08D886}.Debug|Any CPU.Build.0 = Debug|Any CPU
		{391FBBC3-21B2-48F1-B9B4-93E52B08D886}.Release|Any CPU.ActiveCfg = Release|Any CPU
		{391FBBC3-21B2-48F1-B9B4-93E52B08D886}.Release|Any CPU.Build.0 = Release|Any CPU
	EndGlobalSection
	GlobalSection(SolutionProperties) = preSolution
		HideSolutionNode = FALSE
	EndGlobalSection
	GlobalSection(ExtensibilityGlobals) = postSolution
		SolutionGuid = {B2046CB1-BAE8-418A-9FC0-1DD6ADF0E2EA}
	EndGlobalSection
EndGlobal
